// !$*UTF8*$!
{
	archiveVersion = 1;
	classes = {
	};
	objectVersion = 47;
	objects = {

/* Begin PBXBuildFile section */
		000ECABB1C468D4000E4FC92 /* LocationSettingsCellKey.swift in Sources */ = {isa = PBXBuildFile; fileRef = 000ECABA1C468D4000E4FC92 /* LocationSettingsCellKey.swift */; };
		000ECABD1C469A3500E4FC92 /* RouteViewController.swift in Sources */ = {isa = PBXBuildFile; fileRef = 000ECABC1C469A3500E4FC92 /* RouteViewController.swift */; };
		0019B2141C0F38BD00DD1A4D /* arrets.json in Resources */ = {isa = PBXBuildFile; fileRef = 0019B2131C0F38BD00DD1A4D /* arrets.json */; };
		002149151C5BDDC5009C0264 /* CreditsTableViewController.swift in Sources */ = {isa = PBXBuildFile; fileRef = 002149141C5BDDC5009C0264 /* CreditsTableViewController.swift */; };
		002B47E11C01FA6F000BF3E8 /* AppDelegate.swift in Sources */ = {isa = PBXBuildFile; fileRef = 002B47E01C01FA6F000BF3E8 /* AppDelegate.swift */; };
		002B47E61C01FA6F000BF3E8 /* Main.storyboard in Resources */ = {isa = PBXBuildFile; fileRef = 002B47E41C01FA6F000BF3E8 /* Main.storyboard */; };
		002B47E81C01FA6F000BF3E8 /* Assets.xcassets in Resources */ = {isa = PBXBuildFile; fileRef = 002B47E71C01FA6F000BF3E8 /* Assets.xcassets */; };
		002B47EB1C01FA6F000BF3E8 /* LaunchScreen.storyboard in Resources */ = {isa = PBXBuildFile; fileRef = 002B47E91C01FA6F000BF3E8 /* LaunchScreen.storyboard */; };
		002B47F51C01FA87000BF3E8 /* ArretsTableViewController.swift in Sources */ = {isa = PBXBuildFile; fileRef = 002B47F21C01FA87000BF3E8 /* ArretsTableViewController.swift */; };
		002B47F61C01FA87000BF3E8 /* DepartsArretTableViewController.swift in Sources */ = {isa = PBXBuildFile; fileRef = 002B47F31C01FA87000BF3E8 /* DepartsArretTableViewController.swift */; };
		002B47F71C01FA87000BF3E8 /* DepartsTableViewCell.swift in Sources */ = {isa = PBXBuildFile; fileRef = 002B47F41C01FA87000BF3E8 /* DepartsTableViewCell.swift */; };
		002E5C761C132A680008623D /* MapKit.framework in Frameworks */ = {isa = PBXBuildFile; fileRef = 002E5C751C132A680008623D /* MapKit.framework */; };
		002E5C781C1337DD0008623D /* NSUserDefaultsExtension.swift in Sources */ = {isa = PBXBuildFile; fileRef = 002E5C771C1337DD0008623D /* NSUserDefaultsExtension.swift */; };
		00391C471C271D1E005250D4 /* ParametresTableViewController.swift in Sources */ = {isa = PBXBuildFile; fileRef = 00391C461C271D1E005250D4 /* ParametresTableViewController.swift */; };
		00391C491C271DA6005250D4 /* ChoixMenuTableViewController.swift in Sources */ = {isa = PBXBuildFile; fileRef = 00391C481C271DA6005250D4 /* ChoixMenuTableViewController.swift */; };
		003D10EE1C21A47400F9857E /* ionicons.ttf in Resources */ = {isa = PBXBuildFile; fileRef = 003D10ED1C21A46800F9857E /* ionicons.ttf */; };
		003EBAC91C0B46E20024043B /* FontAwesome.otf in Resources */ = {isa = PBXBuildFile; fileRef = 003EBAC81C0B46CF0024043B /* FontAwesome.otf */; };
		004D812B1C24737800C6AD55 /* Perturbations.swift in Sources */ = {isa = PBXBuildFile; fileRef = 004D812A1C24737800C6AD55 /* Perturbations.swift */; };
		004D812D1C2476BD00C6AD55 /* UIKitExtension.swift in Sources */ = {isa = PBXBuildFile; fileRef = 004D812C1C2476BD00C6AD55 /* UIKitExtension.swift */; };
		004E8BD61C6E23840055006B /* ThemesCollectionViewController.swift in Sources */ = {isa = PBXBuildFile; fileRef = 004E8BD51C6E23840055006B /* ThemesCollectionViewController.swift */; };
		004E8BD81C6E24870055006B /* ThemeCollectionViewCell.swift in Sources */ = {isa = PBXBuildFile; fileRef = 004E8BD71C6E24870055006B /* ThemeCollectionViewCell.swift */; };
		00500AF41C1B396F00341F7A /* Arret.swift in Sources */ = {isa = PBXBuildFile; fileRef = 00500AF31C1B396F00341F7A /* Arret.swift */; };
		005DF8111C0DF74E00377031 /* ArretsImageTableViewCell.swift in Sources */ = {isa = PBXBuildFile; fileRef = 005DF8101C0DF74E00377031 /* ArretsImageTableViewCell.swift */; };
		007266281C259191009EFEB5 /* PlanViewController.swift in Sources */ = {isa = PBXBuildFile; fileRef = 007266271C259191009EFEB5 /* PlanViewController.swift */; };
		007CF3581C497D48006C1898 /* CalendarSelectionViewController.swift in Sources */ = {isa = PBXBuildFile; fileRef = 007CF3571C497D48006C1898 /* CalendarSelectionViewController.swift */; };
		007D924B1C4A989F0036BEE6 /* SwitchTableViewCell.swift in Sources */ = {isa = PBXBuildFile; fileRef = 007D924A1C4A989F0036BEE6 /* SwitchTableViewCell.swift */; };
		007D924D1C4A98A80036BEE6 /* ButtonTableViewCell.swift in Sources */ = {isa = PBXBuildFile; fileRef = 007D924C1C4A98A80036BEE6 /* ButtonTableViewCell.swift */; };
		007D924F1C4AA27E0036BEE6 /* VueItineraireTableViewController.swift in Sources */ = {isa = PBXBuildFile; fileRef = 007D924E1C4AA27E0036BEE6 /* VueItineraireTableViewController.swift */; };
		008B84441C232D84007BE1B3 /* IncidentsTableViewController.swift in Sources */ = {isa = PBXBuildFile; fileRef = 008B84431C232D84007BE1B3 /* IncidentsTableViewController.swift */; };
		008F53191C18744500127BDA /* AppValues.swift in Sources */ = {isa = PBXBuildFile; fileRef = 008F53181C18744500127BDA /* AppValues.swift */; };
		00ABBE151C29C81B00479FF4 /* Departs.swift in Sources */ = {isa = PBXBuildFile; fileRef = 00ABBE141C29C81B00479FF4 /* Departs.swift */; };
		00B39B8B1C131C05006FC8A3 /* tpgURL.swift in Sources */ = {isa = PBXBuildFile; fileRef = 00B39B8A1C131C05006FC8A3 /* tpgURL.swift */; };
		00B7CBC71C4A5A6400BB85CC /* TimeSelectionViewController.swift in Sources */ = {isa = PBXBuildFile; fileRef = 00B7CBC61C4A5A6400BB85CC /* TimeSelectionViewController.swift */; };
		00C8DD561C0CCACC004743A5 /* couleursLignes.json in Resources */ = {isa = PBXBuildFile; fileRef = 00C8DD551C0CCACC004743A5 /* couleursLignes.json */; };
		00C98C461C480E6E008E8B2A /* tpgArretSelectionTableViewController.swift in Sources */ = {isa = PBXBuildFile; fileRef = 00C98C451C480E6E008E8B2A /* tpgArretSelectionTableViewController.swift */; };
		00C98C4A1C4810E1008E8B2A /* Itineraire.swift in Sources */ = {isa = PBXBuildFile; fileRef = 00C98C491C4810E1008E8B2A /* Itineraire.swift */; };
		00C98C4C1C481573008E8B2A /* ItineraireTableViewController.swift in Sources */ = {isa = PBXBuildFile; fileRef = 00C98C4B1C481573008E8B2A /* ItineraireTableViewController.swift */; };
		00CA21D11C4EA43200CCB994 /* ListeItinerairesTableViewController.swift in Sources */ = {isa = PBXBuildFile; fileRef = 00CA21D01C4EA43200CCB994 /* ListeItinerairesTableViewController.swift */; };
		00CA21D31C4EA46800CCB994 /* ListeItinerairesTableViewCell.swift in Sources */ = {isa = PBXBuildFile; fileRef = 00CA21D21C4EA46800CCB994 /* ListeItinerairesTableViewCell.swift */; };
		00D0355C1C0E25D600B3697D /* CoreLocation.framework in Frameworks */ = {isa = PBXBuildFile; fileRef = 00D0355B1C0E25D600B3697D /* CoreLocation.framework */; };
		00D7C3D21C4BDCAE00D6864C /* ItineraireTableViewCell.swift in Sources */ = {isa = PBXBuildFile; fileRef = 00D7C3D11C4BDCAE00D6864C /* ItineraireTableViewCell.swift */; };
		00DCD9591C285EBB0094C0EB /* Ticket.swift in Sources */ = {isa = PBXBuildFile; fileRef = 00DCD9581C285EBB0094C0EB /* Ticket.swift */; };
		00DCD95B1C2865E40094C0EB /* Sound.aif in Resources */ = {isa = PBXBuildFile; fileRef = 00DCD95A1C2865E40094C0EB /* Sound.aif */; };
		00DDC0B21C255CED002B288E /* PlansTableViewController.swift in Sources */ = {isa = PBXBuildFile; fileRef = 00DDC0B11C255CED002B288E /* PlansTableViewController.swift */; };
		00E20C301C4429D6007BAD3D /* LocationSettingsTableViewController.swift in Sources */ = {isa = PBXBuildFile; fileRef = 00E20C2F1C4429D6007BAD3D /* LocationSettingsTableViewController.swift */; };
		962E4206D634D32D003F6405 /* Pods_tpg_offline.framework in Frameworks */ = {isa = PBXBuildFile; fileRef = DEEDDCE54361873473292826 /* Pods_tpg_offline.framework */; };
		AD00CEA21C7D903500527EC7 /* PremiumTableViewController.swift in Sources */ = {isa = PBXBuildFile; fileRef = AD00CEA11C7D903500527EC7 /* PremiumTableViewController.swift */; };
		AD0148131C7F6CDE0057E884 /* WebViewController.swift in Sources */ = {isa = PBXBuildFile; fileRef = AD0148121C7F6CDE0057E884 /* WebViewController.swift */; };
		AD11CD861C8336AA00DFF4AA /* tpg_offline_UITests.swift in Sources */ = {isa = PBXBuildFile; fileRef = AD11CD851C8336AA00DFF4AA /* tpg_offline_UITests.swift */; };
		AD11CD8E1C83373300DFF4AA /* SnapshotHelper.swift in Sources */ = {isa = PBXBuildFile; fileRef = AD11CD8D1C83373300DFF4AA /* SnapshotHelper.swift */; };
		AD13B1061C78A09500ECCDFD /* FavorisTableViewCell.swift in Sources */ = {isa = PBXBuildFile; fileRef = AD13B1051C78A09500ECCDFD /* FavorisTableViewCell.swift */; };
		AD3F41E21C7DB011009113F0 /* TtitrePremiumTableViewCell.swift in Sources */ = {isa = PBXBuildFile; fileRef = AD3F41E11C7DB011009113F0 /* TtitrePremiumTableViewCell.swift */; };
		AD3F41E41C7DB31A009113F0 /* AcheterPremiumTableViewCell.swift in Sources */ = {isa = PBXBuildFile; fileRef = AD3F41E31C7DB31A009113F0 /* AcheterPremiumTableViewCell.swift */; };
		AD3F41E61C7DBB8A009113F0 /* StoreKit.framework in Frameworks */ = {isa = PBXBuildFile; fileRef = AD3F41E51C7DBB8A009113F0 /* StoreKit.framework */; };
		ADB2D6D71C7A1BFD0023718F /* Localizable.strings in Resources */ = {isa = PBXBuildFile; fileRef = ADB2D6D91C7A1BFD0023718F /* Localizable.strings */; };
		ADF8B3741C592532003CE1EA /* Departs in Resources */ = {isa = PBXBuildFile; fileRef = ADF8B3731C592532003CE1EA /* Departs */; };
		ADFC45BF1C81D3F300FDAF0C /* GoogleService-Info.plist in Resources */ = {isa = PBXBuildFile; fileRef = ADFC45BE1C81D3F300FDAF0C /* GoogleService-Info.plist */; };
/* End PBXBuildFile section */

/* Begin PBXContainerItemProxy section */
		AD11CD881C8336AA00DFF4AA /* PBXContainerItemProxy */ = {
			isa = PBXContainerItemProxy;
			containerPortal = 002B47D51C01FA6F000BF3E8 /* Project object */;
			proxyType = 1;
			remoteGlobalIDString = 002B47DC1C01FA6F000BF3E8;
			remoteInfo = "tpg offline";
		};
/* End PBXContainerItemProxy section */

/* Begin PBXFileReference section */
		000ECABA1C468D4000E4FC92 /* LocationSettingsCellKey.swift */ = {isa = PBXFileReference; fileEncoding = 4; lastKnownFileType = sourcecode.swift; path = LocationSettingsCellKey.swift; sourceTree = "<group>"; };
		000ECABC1C469A3500E4FC92 /* RouteViewController.swift */ = {isa = PBXFileReference; fileEncoding = 4; lastKnownFileType = sourcecode.swift; lineEnding = 0; path = RouteViewController.swift; sourceTree = "<group>"; xcLanguageSpecificationIdentifier = xcode.lang.swift; };
		0019B2131C0F38BD00DD1A4D /* arrets.json */ = {isa = PBXFileReference; fileEncoding = 4; lastKnownFileType = text.json; path = arrets.json; sourceTree = "<group>"; };
		002149141C5BDDC5009C0264 /* CreditsTableViewController.swift */ = {isa = PBXFileReference; fileEncoding = 4; lastKnownFileType = sourcecode.swift; lineEnding = 0; path = CreditsTableViewController.swift; sourceTree = "<group>"; xcLanguageSpecificationIdentifier = xcode.lang.swift; };
		002B47DD1C01FA6F000BF3E8 /* tpg offline.app */ = {isa = PBXFileReference; explicitFileType = wrapper.application; includeInIndex = 0; path = "tpg offline.app"; sourceTree = BUILT_PRODUCTS_DIR; };
		002B47E01C01FA6F000BF3E8 /* AppDelegate.swift */ = {isa = PBXFileReference; lastKnownFileType = sourcecode.swift; lineEnding = 0; path = AppDelegate.swift; sourceTree = "<group>"; xcLanguageSpecificationIdentifier = xcode.lang.swift; };
		002B47E51C01FA6F000BF3E8 /* Base */ = {isa = PBXFileReference; lastKnownFileType = file.storyboard; name = Base; path = Base.lproj/Main.storyboard; sourceTree = "<group>"; };
		002B47E71C01FA6F000BF3E8 /* Assets.xcassets */ = {isa = PBXFileReference; lastKnownFileType = folder.assetcatalog; path = Assets.xcassets; sourceTree = "<group>"; };
		002B47EA1C01FA6F000BF3E8 /* Base */ = {isa = PBXFileReference; lastKnownFileType = file.storyboard; name = Base; path = Base.lproj/LaunchScreen.storyboard; sourceTree = "<group>"; };
		002B47EC1C01FA6F000BF3E8 /* Info.plist */ = {isa = PBXFileReference; lastKnownFileType = text.plist.xml; path = Info.plist; sourceTree = "<group>"; };
		002B47F21C01FA87000BF3E8 /* ArretsTableViewController.swift */ = {isa = PBXFileReference; fileEncoding = 4; lastKnownFileType = sourcecode.swift; lineEnding = 0; path = ArretsTableViewController.swift; sourceTree = "<group>"; xcLanguageSpecificationIdentifier = xcode.lang.swift; };
		002B47F31C01FA87000BF3E8 /* DepartsArretTableViewController.swift */ = {isa = PBXFileReference; fileEncoding = 4; lastKnownFileType = sourcecode.swift; lineEnding = 0; path = DepartsArretTableViewController.swift; sourceTree = "<group>"; xcLanguageSpecificationIdentifier = xcode.lang.swift; };
		002B47F41C01FA87000BF3E8 /* DepartsTableViewCell.swift */ = {isa = PBXFileReference; fileEncoding = 4; lastKnownFileType = sourcecode.swift; path = DepartsTableViewCell.swift; sourceTree = "<group>"; };
		002E5C751C132A680008623D /* MapKit.framework */ = {isa = PBXFileReference; lastKnownFileType = wrapper.framework; name = MapKit.framework; path = System/Library/Frameworks/MapKit.framework; sourceTree = SDKROOT; };
		002E5C771C1337DD0008623D /* NSUserDefaultsExtension.swift */ = {isa = PBXFileReference; fileEncoding = 4; lastKnownFileType = sourcecode.swift; path = NSUserDefaultsExtension.swift; sourceTree = "<group>"; };
		00391C461C271D1E005250D4 /* ParametresTableViewController.swift */ = {isa = PBXFileReference; fileEncoding = 4; lastKnownFileType = sourcecode.swift; lineEnding = 0; path = ParametresTableViewController.swift; sourceTree = "<group>"; xcLanguageSpecificationIdentifier = xcode.lang.swift; };
		00391C481C271DA6005250D4 /* ChoixMenuTableViewController.swift */ = {isa = PBXFileReference; fileEncoding = 4; lastKnownFileType = sourcecode.swift; lineEnding = 0; path = ChoixMenuTableViewController.swift; sourceTree = "<group>"; xcLanguageSpecificationIdentifier = xcode.lang.swift; };
		003D10ED1C21A46800F9857E /* ionicons.ttf */ = {isa = PBXFileReference; lastKnownFileType = file; path = ionicons.ttf; sourceTree = "<group>"; };
		003EBAC81C0B46CF0024043B /* FontAwesome.otf */ = {isa = PBXFileReference; lastKnownFileType = file; path = FontAwesome.otf; sourceTree = "<group>"; };
		004D812A1C24737800C6AD55 /* Perturbations.swift */ = {isa = PBXFileReference; fileEncoding = 4; lastKnownFileType = sourcecode.swift; path = Perturbations.swift; sourceTree = "<group>"; };
		004D812C1C2476BD00C6AD55 /* UIKitExtension.swift */ = {isa = PBXFileReference; fileEncoding = 4; lastKnownFileType = sourcecode.swift; path = UIKitExtension.swift; sourceTree = "<group>"; };
		004E8BD51C6E23840055006B /* ThemesCollectionViewController.swift */ = {isa = PBXFileReference; fileEncoding = 4; lastKnownFileType = sourcecode.swift; lineEnding = 0; path = ThemesCollectionViewController.swift; sourceTree = "<group>"; xcLanguageSpecificationIdentifier = xcode.lang.swift; };
		004E8BD71C6E24870055006B /* ThemeCollectionViewCell.swift */ = {isa = PBXFileReference; fileEncoding = 4; lastKnownFileType = sourcecode.swift; path = ThemeCollectionViewCell.swift; sourceTree = "<group>"; };
		00500AF31C1B396F00341F7A /* Arret.swift */ = {isa = PBXFileReference; fileEncoding = 4; lastKnownFileType = sourcecode.swift; lineEnding = 0; path = Arret.swift; sourceTree = "<group>"; xcLanguageSpecificationIdentifier = xcode.lang.swift; };
		005DF8101C0DF74E00377031 /* ArretsImageTableViewCell.swift */ = {isa = PBXFileReference; fileEncoding = 4; lastKnownFileType = sourcecode.swift; lineEnding = 0; path = ArretsImageTableViewCell.swift; sourceTree = "<group>"; xcLanguageSpecificationIdentifier = xcode.lang.swift; };
		007266271C259191009EFEB5 /* PlanViewController.swift */ = {isa = PBXFileReference; fileEncoding = 4; lastKnownFileType = sourcecode.swift; lineEnding = 0; path = PlanViewController.swift; sourceTree = "<group>"; xcLanguageSpecificationIdentifier = xcode.lang.swift; };
		007CF3571C497D48006C1898 /* CalendarSelectionViewController.swift */ = {isa = PBXFileReference; fileEncoding = 4; lastKnownFileType = sourcecode.swift; lineEnding = 0; path = CalendarSelectionViewController.swift; sourceTree = "<group>"; xcLanguageSpecificationIdentifier = xcode.lang.swift; };
		007D924A1C4A989F0036BEE6 /* SwitchTableViewCell.swift */ = {isa = PBXFileReference; fileEncoding = 4; lastKnownFileType = sourcecode.swift; path = SwitchTableViewCell.swift; sourceTree = "<group>"; };
		007D924C1C4A98A80036BEE6 /* ButtonTableViewCell.swift */ = {isa = PBXFileReference; fileEncoding = 4; lastKnownFileType = sourcecode.swift; path = ButtonTableViewCell.swift; sourceTree = "<group>"; };
		007D924E1C4AA27E0036BEE6 /* VueItineraireTableViewController.swift */ = {isa = PBXFileReference; fileEncoding = 4; lastKnownFileType = sourcecode.swift; path = VueItineraireTableViewController.swift; sourceTree = "<group>"; };
		008B84431C232D84007BE1B3 /* IncidentsTableViewController.swift */ = {isa = PBXFileReference; fileEncoding = 4; lastKnownFileType = sourcecode.swift; lineEnding = 0; path = IncidentsTableViewController.swift; sourceTree = "<group>"; xcLanguageSpecificationIdentifier = xcode.lang.swift; };
		008F53181C18744500127BDA /* AppValues.swift */ = {isa = PBXFileReference; fileEncoding = 4; lastKnownFileType = sourcecode.swift; lineEnding = 0; name = AppValues.swift; path = ../AppValues.swift; sourceTree = "<group>"; xcLanguageSpecificationIdentifier = xcode.lang.swift; };
		00ABBE141C29C81B00479FF4 /* Departs.swift */ = {isa = PBXFileReference; fileEncoding = 4; lastKnownFileType = sourcecode.swift; path = Departs.swift; sourceTree = "<group>"; };
		00B39B8A1C131C05006FC8A3 /* tpgURL.swift */ = {isa = PBXFileReference; fileEncoding = 4; lastKnownFileType = sourcecode.swift; path = tpgURL.swift; sourceTree = "<group>"; };
		00B7CBBF1C4A531B00BB85CC /* tpg offline-Bridging-Header.h */ = {isa = PBXFileReference; lastKnownFileType = sourcecode.c.h; path = "tpg offline-Bridging-Header.h"; sourceTree = "<group>"; };
		00B7CBC61C4A5A6400BB85CC /* TimeSelectionViewController.swift */ = {isa = PBXFileReference; fileEncoding = 4; lastKnownFileType = sourcecode.swift; lineEnding = 0; path = TimeSelectionViewController.swift; sourceTree = "<group>"; xcLanguageSpecificationIdentifier = xcode.lang.swift; };
		00C8DD551C0CCACC004743A5 /* couleursLignes.json */ = {isa = PBXFileReference; fileEncoding = 4; lastKnownFileType = text.json; path = couleursLignes.json; sourceTree = "<group>"; };
		00C98C451C480E6E008E8B2A /* tpgArretSelectionTableViewController.swift */ = {isa = PBXFileReference; fileEncoding = 4; lastKnownFileType = sourcecode.swift; lineEnding = 0; path = tpgArretSelectionTableViewController.swift; sourceTree = "<group>"; xcLanguageSpecificationIdentifier = xcode.lang.swift; };
		00C98C491C4810E1008E8B2A /* Itineraire.swift */ = {isa = PBXFileReference; fileEncoding = 4; lastKnownFileType = sourcecode.swift; path = Itineraire.swift; sourceTree = "<group>"; };
		00C98C4B1C481573008E8B2A /* ItineraireTableViewController.swift */ = {isa = PBXFileReference; fileEncoding = 4; lastKnownFileType = sourcecode.swift; lineEnding = 0; path = ItineraireTableViewController.swift; sourceTree = "<group>"; xcLanguageSpecificationIdentifier = xcode.lang.swift; };
		00CA21D01C4EA43200CCB994 /* ListeItinerairesTableViewController.swift */ = {isa = PBXFileReference; fileEncoding = 4; lastKnownFileType = sourcecode.swift; lineEnding = 0; path = ListeItinerairesTableViewController.swift; sourceTree = "<group>"; xcLanguageSpecificationIdentifier = xcode.lang.swift; };
		00CA21D21C4EA46800CCB994 /* ListeItinerairesTableViewCell.swift */ = {isa = PBXFileReference; fileEncoding = 4; lastKnownFileType = sourcecode.swift; path = ListeItinerairesTableViewCell.swift; sourceTree = "<group>"; };
		00D0355B1C0E25D600B3697D /* CoreLocation.framework */ = {isa = PBXFileReference; lastKnownFileType = wrapper.framework; name = CoreLocation.framework; path = System/Library/Frameworks/CoreLocation.framework; sourceTree = SDKROOT; };
		00D7C3D11C4BDCAE00D6864C /* ItineraireTableViewCell.swift */ = {isa = PBXFileReference; fileEncoding = 4; lastKnownFileType = sourcecode.swift; path = ItineraireTableViewCell.swift; sourceTree = "<group>"; };
		00DCD9581C285EBB0094C0EB /* Ticket.swift */ = {isa = PBXFileReference; fileEncoding = 4; lastKnownFileType = sourcecode.swift; path = Ticket.swift; sourceTree = "<group>"; };
		00DCD95A1C2865E40094C0EB /* Sound.aif */ = {isa = PBXFileReference; lastKnownFileType = file; path = Sound.aif; sourceTree = "<group>"; };
		00DDC0B11C255CED002B288E /* PlansTableViewController.swift */ = {isa = PBXFileReference; fileEncoding = 4; lastKnownFileType = sourcecode.swift; lineEnding = 0; path = PlansTableViewController.swift; sourceTree = "<group>"; xcLanguageSpecificationIdentifier = xcode.lang.swift; };
		00E20C2F1C4429D6007BAD3D /* LocationSettingsTableViewController.swift */ = {isa = PBXFileReference; fileEncoding = 4; lastKnownFileType = sourcecode.swift; lineEnding = 0; path = LocationSettingsTableViewController.swift; sourceTree = "<group>"; xcLanguageSpecificationIdentifier = xcode.lang.swift; };
		253CE6CB67EE399CF499A811 /* Pods.framework */ = {isa = PBXFileReference; explicitFileType = wrapper.framework; includeInIndex = 0; path = Pods.framework; sourceTree = BUILT_PRODUCTS_DIR; };
		3EAD0B938A89BC4A90E7F807 /* Pods-tpg offline Dev.debug.xcconfig */ = {isa = PBXFileReference; includeInIndex = 1; lastKnownFileType = text.xcconfig; name = "Pods-tpg offline Dev.debug.xcconfig"; path = "Pods/Target Support Files/Pods-tpg offline Dev/Pods-tpg offline Dev.debug.xcconfig"; sourceTree = "<group>"; };
		43D3491A7E1B71A24C25DCFF /* Pods-tpg offline.debug.xcconfig */ = {isa = PBXFileReference; includeInIndex = 1; lastKnownFileType = text.xcconfig; name = "Pods-tpg offline.debug.xcconfig"; path = "Pods/Target Support Files/Pods-tpg offline/Pods-tpg offline.debug.xcconfig"; sourceTree = "<group>"; };
		7FA3EDDC2561403D5B825DE8 /* Pods-tpg offline.release.xcconfig */ = {isa = PBXFileReference; includeInIndex = 1; lastKnownFileType = text.xcconfig; name = "Pods-tpg offline.release.xcconfig"; path = "Pods/Target Support Files/Pods-tpg offline/Pods-tpg offline.release.xcconfig"; sourceTree = "<group>"; };
		9F8F1AE07E1C419959ED8311 /* Pods_tpg_offline_Dev.framework */ = {isa = PBXFileReference; explicitFileType = wrapper.framework; includeInIndex = 0; path = Pods_tpg_offline_Dev.framework; sourceTree = BUILT_PRODUCTS_DIR; };
		AD00CEA11C7D903500527EC7 /* PremiumTableViewController.swift */ = {isa = PBXFileReference; fileEncoding = 4; lastKnownFileType = sourcecode.swift; path = PremiumTableViewController.swift; sourceTree = "<group>"; };
		AD0148121C7F6CDE0057E884 /* WebViewController.swift */ = {isa = PBXFileReference; fileEncoding = 4; lastKnownFileType = sourcecode.swift; path = WebViewController.swift; sourceTree = "<group>"; };
		AD11CD831C8336AA00DFF4AA /* tpg offline UITests.xctest */ = {isa = PBXFileReference; explicitFileType = wrapper.cfbundle; includeInIndex = 0; path = "tpg offline UITests.xctest"; sourceTree = BUILT_PRODUCTS_DIR; };
		AD11CD851C8336AA00DFF4AA /* tpg_offline_UITests.swift */ = {isa = PBXFileReference; lastKnownFileType = sourcecode.swift; path = tpg_offline_UITests.swift; sourceTree = "<group>"; };
		AD11CD871C8336AA00DFF4AA /* Info.plist */ = {isa = PBXFileReference; lastKnownFileType = text.plist.xml; path = Info.plist; sourceTree = "<group>"; };
		AD11CD8D1C83373300DFF4AA /* SnapshotHelper.swift */ = {isa = PBXFileReference; fileEncoding = 4; lastKnownFileType = sourcecode.swift; path = SnapshotHelper.swift; sourceTree = "<group>"; };
		AD13B1051C78A09500ECCDFD /* FavorisTableViewCell.swift */ = {isa = PBXFileReference; fileEncoding = 4; lastKnownFileType = sourcecode.swift; path = FavorisTableViewCell.swift; sourceTree = "<group>"; };
		AD3F41E11C7DB011009113F0 /* TtitrePremiumTableViewCell.swift */ = {isa = PBXFileReference; fileEncoding = 4; lastKnownFileType = sourcecode.swift; path = TtitrePremiumTableViewCell.swift; sourceTree = "<group>"; };
		AD3F41E31C7DB31A009113F0 /* AcheterPremiumTableViewCell.swift */ = {isa = PBXFileReference; fileEncoding = 4; lastKnownFileType = sourcecode.swift; path = AcheterPremiumTableViewCell.swift; sourceTree = "<group>"; };
		AD3F41E51C7DBB8A009113F0 /* StoreKit.framework */ = {isa = PBXFileReference; lastKnownFileType = wrapper.framework; name = StoreKit.framework; path = System/Library/Frameworks/StoreKit.framework; sourceTree = SDKROOT; };
		ADB2D6D31C7A1BC30023718F /* fr */ = {isa = PBXFileReference; lastKnownFileType = text.plist.strings; name = fr; path = fr.lproj/Main.strings; sourceTree = "<group>"; };
		ADB2D6D41C7A1BC30023718F /* fr */ = {isa = PBXFileReference; lastKnownFileType = text.plist.strings; name = fr; path = fr.lproj/LaunchScreen.strings; sourceTree = "<group>"; };
		ADB2D6D51C7A1BEF0023718F /* en */ = {isa = PBXFileReference; lastKnownFileType = text.plist.strings; name = en; path = en.lproj/Main.strings; sourceTree = "<group>"; };
		ADB2D6D61C7A1BEF0023718F /* en */ = {isa = PBXFileReference; lastKnownFileType = text.plist.strings; name = en; path = en.lproj/LaunchScreen.strings; sourceTree = "<group>"; };
		ADB2D6D81C7A1BFD0023718F /* Base */ = {isa = PBXFileReference; lastKnownFileType = text.plist.strings; name = Base; path = Base.lproj/Localizable.strings; sourceTree = "<group>"; };
		ADB2D6DC1C7A222F0023718F /* fr */ = {isa = PBXFileReference; lastKnownFileType = text.plist.strings; name = fr; path = fr.lproj/Localizable.strings; sourceTree = "<group>"; };
		ADB2D6DD1C7A22300023718F /* en */ = {isa = PBXFileReference; lastKnownFileType = text.plist.strings; name = en; path = en.lproj/Localizable.strings; sourceTree = "<group>"; };
		ADF8B3731C592532003CE1EA /* Departs */ = {isa = PBXFileReference; lastKnownFileType = folder; path = Departs; sourceTree = "<group>"; };
		ADFC45BE1C81D3F300FDAF0C /* GoogleService-Info.plist */ = {isa = PBXFileReference; fileEncoding = 4; lastKnownFileType = text.plist.xml; path = "GoogleService-Info.plist"; sourceTree = "<group>"; };
		DEEDDCE54361873473292826 /* Pods_tpg_offline.framework */ = {isa = PBXFileReference; explicitFileType = wrapper.framework; includeInIndex = 0; path = Pods_tpg_offline.framework; sourceTree = BUILT_PRODUCTS_DIR; };
		E5B74E57689FC92A63485E7D /* Pods-tpg offline Dev.release.xcconfig */ = {isa = PBXFileReference; includeInIndex = 1; lastKnownFileType = text.xcconfig; name = "Pods-tpg offline Dev.release.xcconfig"; path = "Pods/Target Support Files/Pods-tpg offline Dev/Pods-tpg offline Dev.release.xcconfig"; sourceTree = "<group>"; };
/* End PBXFileReference section */

/* Begin PBXFrameworksBuildPhase section */
		002B47DA1C01FA6F000BF3E8 /* Frameworks */ = {
			isa = PBXFrameworksBuildPhase;
			buildActionMask = 2147483647;
			files = (
				00D0355C1C0E25D600B3697D /* CoreLocation.framework in Frameworks */,
				002E5C761C132A680008623D /* MapKit.framework in Frameworks */,
				962E4206D634D32D003F6405 /* Pods_tpg_offline.framework in Frameworks */,
				AD3F41E61C7DBB8A009113F0 /* StoreKit.framework in Frameworks */,
			);
			runOnlyForDeploymentPostprocessing = 0;
		};
		AD11CD801C8336AA00DFF4AA /* Frameworks */ = {
			isa = PBXFrameworksBuildPhase;
			buildActionMask = 2147483647;
			files = (
			);
			runOnlyForDeploymentPostprocessing = 0;
		};
/* End PBXFrameworksBuildPhase section */

/* Begin PBXGroup section */
		002B47D41C01FA6F000BF3E8 = {
			isa = PBXGroup;
			children = (
				00DCD95A1C2865E40094C0EB /* Sound.aif */,
				00C8DD551C0CCACC004743A5 /* couleursLignes.json */,
				ADF8B3731C592532003CE1EA /* Departs */,
				003D10ED1C21A46800F9857E /* ionicons.ttf */,
				003EBAC81C0B46CF0024043B /* FontAwesome.otf */,
				0019B2131C0F38BD00DD1A4D /* arrets.json */,
				002B47DF1C01FA6F000BF3E8 /* tpg offline */,
				AD11CD841C8336AA00DFF4AA /* tpg offline UITests */,
				002B47DE1C01FA6F000BF3E8 /* Products */,
				A65315FEF759993751E0088F /* Frameworks */,
				90973F03D73F43F58C8AD679 /* Pods */,
				00B7CBBF1C4A531B00BB85CC /* tpg offline-Bridging-Header.h */,
			);
			sourceTree = "<group>";
		};
		002B47DE1C01FA6F000BF3E8 /* Products */ = {
			isa = PBXGroup;
			children = (
				002B47DD1C01FA6F000BF3E8 /* tpg offline.app */,
				AD11CD831C8336AA00DFF4AA /* tpg offline UITests.xctest */,
			);
			name = Products;
			sourceTree = "<group>";
		};
		002B47DF1C01FA6F000BF3E8 /* tpg offline */ = {
			isa = PBXGroup;
			children = (
				002B47E01C01FA6F000BF3E8 /* AppDelegate.swift */,
				00DDC0AE1C254FE5002B288E /* Général */,
				00ABBE0F1C29C3B200479FF4 /* Itinéraires */,
				00391C451C271D07005250D4 /* Paramètres */,
				00DDC0B01C255CC9002B288E /* Plans */,
				00DDC0AF1C254FED002B288E /* Extensions */,
				00DDC0AD1C254FDE002B288E /* Incidents */,
				00DDC0AC1C254FD7002B288E /* Départs */,
				005DF8121C0DF75300377031 /* Cells */,
				002B47E41C01FA6F000BF3E8 /* Main.storyboard */,
				002B47E71C01FA6F000BF3E8 /* Assets.xcassets */,
				002B47E91C01FA6F000BF3E8 /* LaunchScreen.storyboard */,
				002B47EC1C01FA6F000BF3E8 /* Info.plist */,
				ADFC45BE1C81D3F300FDAF0C /* GoogleService-Info.plist */,
				ADB2D6D91C7A1BFD0023718F /* Localizable.strings */,
			);
			path = "tpg offline";
			sourceTree = "<group>";
		};
		00391C451C271D07005250D4 /* Paramètres */ = {
			isa = PBXGroup;
			children = (
				00391C461C271D1E005250D4 /* ParametresTableViewController.swift */,
				00391C481C271DA6005250D4 /* ChoixMenuTableViewController.swift */,
				00E20C2F1C4429D6007BAD3D /* LocationSettingsTableViewController.swift */,
				002149141C5BDDC5009C0264 /* CreditsTableViewController.swift */,
				004E8BD51C6E23840055006B /* ThemesCollectionViewController.swift */,
				AD00CEA11C7D903500527EC7 /* PremiumTableViewController.swift */,
				AD0148121C7F6CDE0057E884 /* WebViewController.swift */,
			);
			name = "Paramètres";
			sourceTree = "<group>";
		};
		005DF8121C0DF75300377031 /* Cells */ = {
			isa = PBXGroup;
			children = (
				002B47F41C01FA87000BF3E8 /* DepartsTableViewCell.swift */,
				005DF8101C0DF74E00377031 /* ArretsImageTableViewCell.swift */,
				004E8BD71C6E24870055006B /* ThemeCollectionViewCell.swift */,
				AD3F41E11C7DB011009113F0 /* TtitrePremiumTableViewCell.swift */,
				AD3F41E31C7DB31A009113F0 /* AcheterPremiumTableViewCell.swift */,
			);
			name = Cells;
			sourceTree = "<group>";
		};
		007D92491C4A987C0036BEE6 /* Cell */ = {
			isa = PBXGroup;
			children = (
				007D924A1C4A989F0036BEE6 /* SwitchTableViewCell.swift */,
				007D924C1C4A98A80036BEE6 /* ButtonTableViewCell.swift */,
				00D7C3D11C4BDCAE00D6864C /* ItineraireTableViewCell.swift */,
				00CA21D21C4EA46800CCB994 /* ListeItinerairesTableViewCell.swift */,
				AD13B1051C78A09500ECCDFD /* FavorisTableViewCell.swift */,
			);
			name = Cell;
			sourceTree = "<group>";
		};
		00ABBE0F1C29C3B200479FF4 /* Itinéraires */ = {
			isa = PBXGroup;
			children = (
				007D92491C4A987C0036BEE6 /* Cell */,
				00C98C4B1C481573008E8B2A /* ItineraireTableViewController.swift */,
				00C98C451C480E6E008E8B2A /* tpgArretSelectionTableViewController.swift */,
				007CF3571C497D48006C1898 /* CalendarSelectionViewController.swift */,
				00B7CBC61C4A5A6400BB85CC /* TimeSelectionViewController.swift */,
				00CA21D01C4EA43200CCB994 /* ListeItinerairesTableViewController.swift */,
				007D924E1C4AA27E0036BEE6 /* VueItineraireTableViewController.swift */,
			);
			name = "Itinéraires";
			sourceTree = "<group>";
		};
		00DDC0AC1C254FD7002B288E /* Départs */ = {
			isa = PBXGroup;
			children = (
				002B47F21C01FA87000BF3E8 /* ArretsTableViewController.swift */,
				002B47F31C01FA87000BF3E8 /* DepartsArretTableViewController.swift */,
				000ECABC1C469A3500E4FC92 /* RouteViewController.swift */,
			);
			name = "Départs";
			sourceTree = "<group>";
		};
		00DDC0AD1C254FDE002B288E /* Incidents */ = {
			isa = PBXGroup;
			children = (
				008B84431C232D84007BE1B3 /* IncidentsTableViewController.swift */,
			);
			name = Incidents;
			sourceTree = "<group>";
		};
		00DDC0AE1C254FE5002B288E /* Général */ = {
			isa = PBXGroup;
			children = (
				008F53181C18744500127BDA /* AppValues.swift */,
				004D812A1C24737800C6AD55 /* Perturbations.swift */,
				00500AF31C1B396F00341F7A /* Arret.swift */,
				00B39B8A1C131C05006FC8A3 /* tpgURL.swift */,
				00DCD9581C285EBB0094C0EB /* Ticket.swift */,
				00ABBE141C29C81B00479FF4 /* Departs.swift */,
				000ECABA1C468D4000E4FC92 /* LocationSettingsCellKey.swift */,
				00C98C491C4810E1008E8B2A /* Itineraire.swift */,
			);
			name = "Général";
			sourceTree = "<group>";
		};
		00DDC0AF1C254FED002B288E /* Extensions */ = {
			isa = PBXGroup;
			children = (
				002E5C771C1337DD0008623D /* NSUserDefaultsExtension.swift */,
				004D812C1C2476BD00C6AD55 /* UIKitExtension.swift */,
			);
			name = Extensions;
			sourceTree = "<group>";
		};
		00DDC0B01C255CC9002B288E /* Plans */ = {
			isa = PBXGroup;
			children = (
				00DDC0B11C255CED002B288E /* PlansTableViewController.swift */,
				007266271C259191009EFEB5 /* PlanViewController.swift */,
			);
			name = Plans;
			sourceTree = "<group>";
		};
		90973F03D73F43F58C8AD679 /* Pods */ = {
			isa = PBXGroup;
			children = (
				43D3491A7E1B71A24C25DCFF /* Pods-tpg offline.debug.xcconfig */,
				7FA3EDDC2561403D5B825DE8 /* Pods-tpg offline.release.xcconfig */,
				3EAD0B938A89BC4A90E7F807 /* Pods-tpg offline Dev.debug.xcconfig */,
				E5B74E57689FC92A63485E7D /* Pods-tpg offline Dev.release.xcconfig */,
			);
			name = Pods;
			sourceTree = "<group>";
		};
		A65315FEF759993751E0088F /* Frameworks */ = {
			isa = PBXGroup;
			children = (
				AD3F41E51C7DBB8A009113F0 /* StoreKit.framework */,
				002E5C751C132A680008623D /* MapKit.framework */,
				00D0355B1C0E25D600B3697D /* CoreLocation.framework */,
				253CE6CB67EE399CF499A811 /* Pods.framework */,
				DEEDDCE54361873473292826 /* Pods_tpg_offline.framework */,
				9F8F1AE07E1C419959ED8311 /* Pods_tpg_offline_Dev.framework */,
			);
			name = Frameworks;
			sourceTree = "<group>";
		};
		AD11CD841C8336AA00DFF4AA /* tpg offline UITests */ = {
			isa = PBXGroup;
			children = (
				AD11CD8D1C83373300DFF4AA /* SnapshotHelper.swift */,
				AD11CD851C8336AA00DFF4AA /* tpg_offline_UITests.swift */,
				AD11CD871C8336AA00DFF4AA /* Info.plist */,
			);
			path = "tpg offline UITests";
			sourceTree = "<group>";
		};
/* End PBXGroup section */

/* Begin PBXNativeTarget section */
		002B47DC1C01FA6F000BF3E8 /* tpg offline */ = {
			isa = PBXNativeTarget;
			buildConfigurationList = 002B47EF1C01FA6F000BF3E8 /* Build configuration list for PBXNativeTarget "tpg offline" */;
			buildPhases = (
				9F108A1961182CB869DA2797 /* Check Pods Manifest.lock */,
				002B47D91C01FA6F000BF3E8 /* Sources */,
				002B47DA1C01FA6F000BF3E8 /* Frameworks */,
				002B47DB1C01FA6F000BF3E8 /* Resources */,
				A8BC474FB226BE6B046FAD9C /* Embed Pods Frameworks */,
				8670B5EE69019AA352C1D32E /* Copy Pods Resources */,
			);
			buildRules = (
			);
			dependencies = (
			);
			name = "tpg offline";
			productName = "tpg offline";
			productReference = 002B47DD1C01FA6F000BF3E8 /* tpg offline.app */;
			productType = "com.apple.product-type.application";
		};
		AD11CD821C8336AA00DFF4AA /* tpg offline UITests */ = {
			isa = PBXNativeTarget;
			buildConfigurationList = AD11CD8C1C8336AA00DFF4AA /* Build configuration list for PBXNativeTarget "tpg offline UITests" */;
			buildPhases = (
				AD11CD7F1C8336AA00DFF4AA /* Sources */,
				AD11CD801C8336AA00DFF4AA /* Frameworks */,
				AD11CD811C8336AA00DFF4AA /* Resources */,
			);
			buildRules = (
			);
			dependencies = (
				AD11CD891C8336AA00DFF4AA /* PBXTargetDependency */,
			);
			name = "tpg offline UITests";
			productName = "tpg offline UITests";
			productReference = AD11CD831C8336AA00DFF4AA /* tpg offline UITests.xctest */;
			productType = "com.apple.product-type.bundle.ui-testing";
		};
/* End PBXNativeTarget section */

/* Begin PBXProject section */
		002B47D51C01FA6F000BF3E8 /* Project object */ = {
			isa = PBXProject;
			attributes = {
				LastSwiftUpdateCheck = 0730;
				LastUpgradeCheck = 0710;
				ORGANIZATIONNAME = dacostafaro;
				TargetAttributes = {
					002B47DC1C01FA6F000BF3E8 = {
						CreatedOnToolsVersion = 7.1.1;
						DevelopmentTeam = 767R4Y4A3U;
						SystemCapabilities = {
							com.apple.BackgroundModes = {
								enabled = 1;
							};
							com.apple.InAppPurchase = {
								enabled = 1;
							};
							com.apple.Maps.iOS = {
								enabled = 1;
							};
						};
					};
					AD11CD821C8336AA00DFF4AA = {
						CreatedOnToolsVersion = 7.3;
						TestTargetID = 002B47DC1C01FA6F000BF3E8;
					};
				};
			};
			buildConfigurationList = 002B47D81C01FA6F000BF3E8 /* Build configuration list for PBXProject "tpg offline" */;
			compatibilityVersion = "Xcode 6.3";
			developmentRegion = English;
			hasScannedForEncodings = 0;
			knownRegions = (
				Base,
				fr,
				en,
			);
			mainGroup = 002B47D41C01FA6F000BF3E8;
			productRefGroup = 002B47DE1C01FA6F000BF3E8 /* Products */;
			projectDirPath = "";
			projectRoot = "";
			targets = (
				002B47DC1C01FA6F000BF3E8 /* tpg offline */,
				AD11CD821C8336AA00DFF4AA /* tpg offline UITests */,
			);
		};
/* End PBXProject section */

/* Begin PBXResourcesBuildPhase section */
		002B47DB1C01FA6F000BF3E8 /* Resources */ = {
			isa = PBXResourcesBuildPhase;
			buildActionMask = 2147483647;
			files = (
				00DCD95B1C2865E40094C0EB /* Sound.aif in Resources */,
				003D10EE1C21A47400F9857E /* ionicons.ttf in Resources */,
				003EBAC91C0B46E20024043B /* FontAwesome.otf in Resources */,
				002B47EB1C01FA6F000BF3E8 /* LaunchScreen.storyboard in Resources */,
				002B47E81C01FA6F000BF3E8 /* Assets.xcassets in Resources */,
				ADB2D6D71C7A1BFD0023718F /* Localizable.strings in Resources */,
				002B47E61C01FA6F000BF3E8 /* Main.storyboard in Resources */,
				ADF8B3741C592532003CE1EA /* Departs in Resources */,
				ADFC45BF1C81D3F300FDAF0C /* GoogleService-Info.plist in Resources */,
				0019B2141C0F38BD00DD1A4D /* arrets.json in Resources */,
				00C8DD561C0CCACC004743A5 /* couleursLignes.json in Resources */,
			);
			runOnlyForDeploymentPostprocessing = 0;
		};
		AD11CD811C8336AA00DFF4AA /* Resources */ = {
			isa = PBXResourcesBuildPhase;
			buildActionMask = 2147483647;
			files = (
			);
			runOnlyForDeploymentPostprocessing = 0;
		};
/* End PBXResourcesBuildPhase section */

/* Begin PBXShellScriptBuildPhase section */
		8670B5EE69019AA352C1D32E /* Copy Pods Resources */ = {
			isa = PBXShellScriptBuildPhase;
			buildActionMask = 2147483647;
			files = (
			);
			inputPaths = (
			);
			name = "Copy Pods Resources";
			outputPaths = (
			);
			runOnlyForDeploymentPostprocessing = 0;
			shellPath = /bin/sh;
			shellScript = "\"${SRCROOT}/Pods/Target Support Files/Pods-tpg offline/Pods-tpg offline-resources.sh\"\n";
			showEnvVarsInLog = 0;
		};
		9F108A1961182CB869DA2797 /* Check Pods Manifest.lock */ = {
			isa = PBXShellScriptBuildPhase;
			buildActionMask = 2147483647;
			files = (
			);
			inputPaths = (
			);
			name = "Check Pods Manifest.lock";
			outputPaths = (
			);
			runOnlyForDeploymentPostprocessing = 0;
			shellPath = /bin/sh;
			shellScript = "diff \"${PODS_ROOT}/../Podfile.lock\" \"${PODS_ROOT}/Manifest.lock\" > /dev/null\nif [[ $? != 0 ]] ; then\n    cat << EOM\nerror: The sandbox is not in sync with the Podfile.lock. Run 'pod install' or update your CocoaPods installation.\nEOM\n    exit 1\nfi\n";
			showEnvVarsInLog = 0;
		};
		A8BC474FB226BE6B046FAD9C /* Embed Pods Frameworks */ = {
			isa = PBXShellScriptBuildPhase;
			buildActionMask = 2147483647;
			files = (
			);
			inputPaths = (
			);
			name = "Embed Pods Frameworks";
			outputPaths = (
			);
			runOnlyForDeploymentPostprocessing = 0;
			shellPath = /bin/sh;
			shellScript = "\"${SRCROOT}/Pods/Target Support Files/Pods-tpg offline/Pods-tpg offline-frameworks.sh\"\n";
			showEnvVarsInLog = 0;
		};
/* End PBXShellScriptBuildPhase section */

/* Begin PBXSourcesBuildPhase section */
		002B47D91C01FA6F000BF3E8 /* Sources */ = {
			isa = PBXSourcesBuildPhase;
			buildActionMask = 2147483647;
			files = (
				002B47F61C01FA87000BF3E8 /* DepartsArretTableViewController.swift in Sources */,
				00CA21D31C4EA46800CCB994 /* ListeItinerairesTableViewCell.swift in Sources */,
				00B39B8B1C131C05006FC8A3 /* tpgURL.swift in Sources */,
				000ECABD1C469A3500E4FC92 /* RouteViewController.swift in Sources */,
				00C98C4C1C481573008E8B2A /* ItineraireTableViewController.swift in Sources */,
				000ECABB1C468D4000E4FC92 /* LocationSettingsCellKey.swift in Sources */,
				004E8BD61C6E23840055006B /* ThemesCollectionViewController.swift in Sources */,
				002E5C781C1337DD0008623D /* NSUserDefaultsExtension.swift in Sources */,
				00D7C3D21C4BDCAE00D6864C /* ItineraireTableViewCell.swift in Sources */,
				007266281C259191009EFEB5 /* PlanViewController.swift in Sources */,
				002149151C5BDDC5009C0264 /* CreditsTableViewController.swift in Sources */,
				007D924F1C4AA27E0036BEE6 /* VueItineraireTableViewController.swift in Sources */,
				00391C491C271DA6005250D4 /* ChoixMenuTableViewController.swift in Sources */,
				008F53191C18744500127BDA /* AppValues.swift in Sources */,
				AD3F41E21C7DB011009113F0 /* TtitrePremiumTableViewCell.swift in Sources */,
				00CA21D11C4EA43200CCB994 /* ListeItinerairesTableViewController.swift in Sources */,
				007CF3581C497D48006C1898 /* CalendarSelectionViewController.swift in Sources */,
				00C98C461C480E6E008E8B2A /* tpgArretSelectionTableViewController.swift in Sources */,
				00391C471C271D1E005250D4 /* ParametresTableViewController.swift in Sources */,
				00ABBE151C29C81B00479FF4 /* Departs.swift in Sources */,
				AD3F41E41C7DB31A009113F0 /* AcheterPremiumTableViewCell.swift in Sources */,
				002B47F51C01FA87000BF3E8 /* ArretsTableViewController.swift in Sources */,
				00E20C301C4429D6007BAD3D /* LocationSettingsTableViewController.swift in Sources */,
				AD0148131C7F6CDE0057E884 /* WebViewController.swift in Sources */,
				002B47F71C01FA87000BF3E8 /* DepartsTableViewCell.swift in Sources */,
				004D812D1C2476BD00C6AD55 /* UIKitExtension.swift in Sources */,
				AD13B1061C78A09500ECCDFD /* FavorisTableViewCell.swift in Sources */,
				00500AF41C1B396F00341F7A /* Arret.swift in Sources */,
				007D924B1C4A989F0036BEE6 /* SwitchTableViewCell.swift in Sources */,
				AD00CEA21C7D903500527EC7 /* PremiumTableViewController.swift in Sources */,
				002B47E11C01FA6F000BF3E8 /* AppDelegate.swift in Sources */,
				00B7CBC71C4A5A6400BB85CC /* TimeSelectionViewController.swift in Sources */,
				00DCD9591C285EBB0094C0EB /* Ticket.swift in Sources */,
				004D812B1C24737800C6AD55 /* Perturbations.swift in Sources */,
				005DF8111C0DF74E00377031 /* ArretsImageTableViewCell.swift in Sources */,
				008B84441C232D84007BE1B3 /* IncidentsTableViewController.swift in Sources */,
				007D924D1C4A98A80036BEE6 /* ButtonTableViewCell.swift in Sources */,
				00DDC0B21C255CED002B288E /* PlansTableViewController.swift in Sources */,
				004E8BD81C6E24870055006B /* ThemeCollectionViewCell.swift in Sources */,
				00C98C4A1C4810E1008E8B2A /* Itineraire.swift in Sources */,
			);
			runOnlyForDeploymentPostprocessing = 0;
		};
		AD11CD7F1C8336AA00DFF4AA /* Sources */ = {
			isa = PBXSourcesBuildPhase;
			buildActionMask = 2147483647;
			files = (
				AD11CD861C8336AA00DFF4AA /* tpg_offline_UITests.swift in Sources */,
				AD11CD8E1C83373300DFF4AA /* SnapshotHelper.swift in Sources */,
			);
			runOnlyForDeploymentPostprocessing = 0;
		};
/* End PBXSourcesBuildPhase section */

/* Begin PBXTargetDependency section */
		AD11CD891C8336AA00DFF4AA /* PBXTargetDependency */ = {
			isa = PBXTargetDependency;
			target = 002B47DC1C01FA6F000BF3E8 /* tpg offline */;
			targetProxy = AD11CD881C8336AA00DFF4AA /* PBXContainerItemProxy */;
		};
/* End PBXTargetDependency section */

/* Begin PBXVariantGroup section */
		002B47E41C01FA6F000BF3E8 /* Main.storyboard */ = {
			isa = PBXVariantGroup;
			children = (
				002B47E51C01FA6F000BF3E8 /* Base */,
				ADB2D6D31C7A1BC30023718F /* fr */,
				ADB2D6D51C7A1BEF0023718F /* en */,
			);
			name = Main.storyboard;
			sourceTree = "<group>";
		};
		002B47E91C01FA6F000BF3E8 /* LaunchScreen.storyboard */ = {
			isa = PBXVariantGroup;
			children = (
				002B47EA1C01FA6F000BF3E8 /* Base */,
				ADB2D6D41C7A1BC30023718F /* fr */,
				ADB2D6D61C7A1BEF0023718F /* en */,
			);
			name = LaunchScreen.storyboard;
			sourceTree = "<group>";
		};
		ADB2D6D91C7A1BFD0023718F /* Localizable.strings */ = {
			isa = PBXVariantGroup;
			children = (
				ADB2D6D81C7A1BFD0023718F /* Base */,
				ADB2D6DC1C7A222F0023718F /* fr */,
				ADB2D6DD1C7A22300023718F /* en */,
			);
			name = Localizable.strings;
			sourceTree = "<group>";
		};
/* End PBXVariantGroup section */

/* Begin XCBuildConfiguration section */
		002B47ED1C01FA6F000BF3E8 /* Debug */ = {
			isa = XCBuildConfiguration;
			buildSettings = {
				ALWAYS_SEARCH_USER_PATHS = NO;
				CLANG_CXX_LANGUAGE_STANDARD = "gnu++0x";
				CLANG_CXX_LIBRARY = "libc++";
				CLANG_ENABLE_MODULES = YES;
				CLANG_ENABLE_OBJC_ARC = YES;
				CLANG_WARN_BOOL_CONVERSION = YES;
				CLANG_WARN_CONSTANT_CONVERSION = YES;
				CLANG_WARN_DIRECT_OBJC_ISA_USAGE = YES_ERROR;
				CLANG_WARN_EMPTY_BODY = YES;
				CLANG_WARN_ENUM_CONVERSION = YES;
				CLANG_WARN_INT_CONVERSION = YES;
				CLANG_WARN_OBJC_ROOT_CLASS = YES_ERROR;
				CLANG_WARN_UNREACHABLE_CODE = YES;
				CLANG_WARN__DUPLICATE_METHOD_MATCH = YES;
				"CODE_SIGN_IDENTITY[sdk=iphoneos*]" = "iPhone Developer";
				COPY_PHASE_STRIP = NO;
				DEBUG_INFORMATION_FORMAT = dwarf;
				ENABLE_STRICT_OBJC_MSGSEND = YES;
				ENABLE_TESTABILITY = YES;
				GCC_C_LANGUAGE_STANDARD = gnu99;
				GCC_DYNAMIC_NO_PIC = NO;
				GCC_NO_COMMON_BLOCKS = YES;
				GCC_OPTIMIZATION_LEVEL = 0;
				GCC_PREPROCESSOR_DEFINITIONS = (
					"DEBUG=1",
					"$(inherited)",
				);
				GCC_WARN_64_TO_32_BIT_CONVERSION = YES;
				GCC_WARN_ABOUT_RETURN_TYPE = YES_ERROR;
				GCC_WARN_UNDECLARED_SELECTOR = YES;
				GCC_WARN_UNINITIALIZED_AUTOS = YES_AGGRESSIVE;
				GCC_WARN_UNUSED_FUNCTION = YES;
				GCC_WARN_UNUSED_VARIABLE = YES;
				IPHONEOS_DEPLOYMENT_TARGET = 9.1;
				MTL_ENABLE_DEBUG_INFO = YES;
				ONLY_ACTIVE_ARCH = YES;
				SDKROOT = iphoneos;
				SWIFT_OPTIMIZATION_LEVEL = "-Onone";
				TARGETED_DEVICE_FAMILY = "1,2";
			};
			name = Debug;
		};
		002B47EE1C01FA6F000BF3E8 /* Release */ = {
			isa = XCBuildConfiguration;
			buildSettings = {
				ALWAYS_SEARCH_USER_PATHS = NO;
				CLANG_CXX_LANGUAGE_STANDARD = "gnu++0x";
				CLANG_CXX_LIBRARY = "libc++";
				CLANG_ENABLE_MODULES = YES;
				CLANG_ENABLE_OBJC_ARC = YES;
				CLANG_WARN_BOOL_CONVERSION = YES;
				CLANG_WARN_CONSTANT_CONVERSION = YES;
				CLANG_WARN_DIRECT_OBJC_ISA_USAGE = YES_ERROR;
				CLANG_WARN_EMPTY_BODY = YES;
				CLANG_WARN_ENUM_CONVERSION = YES;
				CLANG_WARN_INT_CONVERSION = YES;
				CLANG_WARN_OBJC_ROOT_CLASS = YES_ERROR;
				CLANG_WARN_UNREACHABLE_CODE = YES;
				CLANG_WARN__DUPLICATE_METHOD_MATCH = YES;
				"CODE_SIGN_IDENTITY[sdk=iphoneos*]" = "iPhone Developer";
				COPY_PHASE_STRIP = NO;
				DEBUG_INFORMATION_FORMAT = "dwarf-with-dsym";
				ENABLE_NS_ASSERTIONS = NO;
				ENABLE_STRICT_OBJC_MSGSEND = YES;
				GCC_C_LANGUAGE_STANDARD = gnu99;
				GCC_NO_COMMON_BLOCKS = YES;
				GCC_WARN_64_TO_32_BIT_CONVERSION = YES;
				GCC_WARN_ABOUT_RETURN_TYPE = YES_ERROR;
				GCC_WARN_UNDECLARED_SELECTOR = YES;
				GCC_WARN_UNINITIALIZED_AUTOS = YES_AGGRESSIVE;
				GCC_WARN_UNUSED_FUNCTION = YES;
				GCC_WARN_UNUSED_VARIABLE = YES;
				IPHONEOS_DEPLOYMENT_TARGET = 9.1;
				MTL_ENABLE_DEBUG_INFO = NO;
				SDKROOT = iphoneos;
				TARGETED_DEVICE_FAMILY = "1,2";
				VALIDATE_PRODUCT = YES;
			};
			name = Release;
		};
		002B47F01C01FA6F000BF3E8 /* Debug */ = {
			isa = XCBuildConfiguration;
			baseConfigurationReference = 43D3491A7E1B71A24C25DCFF /* Pods-tpg offline.debug.xcconfig */;
			buildSettings = {
				ASSETCATALOG_COMPILER_APPICON_NAME = AppIcon;
				CLANG_ENABLE_MODULES = YES;
				CODE_SIGN_IDENTITY = "iPhone Developer";
				"CODE_SIGN_IDENTITY[sdk=iphoneos*]" = "iPhone Developer";
				EMBED_ASSET_PACKS_IN_PRODUCT_BUNDLE = YES;
				ENABLE_BITCODE = NO;
				GCC_PREPROCESSOR_DEFINITIONS = (
					"$(inherited)",
					"COCOAPODS=1",
					"DEVELOPMENT=0",
				);
				INFOPLIST_FILE = "tpg offline/Info.plist";
				IPHONEOS_DEPLOYMENT_TARGET = 8.0;
				LD_RUNPATH_SEARCH_PATHS = "$(inherited) @executable_path/Frameworks";
				MACH_O_TYPE = mh_execute;
				PRODUCT_BUNDLE_IDENTIFIER = com.dacostafaro.tpgoffline;
				PRODUCT_NAME = "$(TARGET_NAME)";
				PROVISIONING_PROFILE = "";
				SWIFT_OBJC_BRIDGING_HEADER = "tpg offline-Bridging-Header.h";
				SWIFT_OPTIMIZATION_LEVEL = "-Onone";
			};
			name = Debug;
		};
		002B47F11C01FA6F000BF3E8 /* Release */ = {
			isa = XCBuildConfiguration;
			baseConfigurationReference = 7FA3EDDC2561403D5B825DE8 /* Pods-tpg offline.release.xcconfig */;
			buildSettings = {
				ASSETCATALOG_COMPILER_APPICON_NAME = AppIcon;
				CLANG_ENABLE_MODULES = YES;
				CODE_SIGN_IDENTITY = "iPhone Developer";
				"CODE_SIGN_IDENTITY[sdk=iphoneos*]" = "iPhone Developer";
				EMBED_ASSET_PACKS_IN_PRODUCT_BUNDLE = YES;
				ENABLE_BITCODE = NO;
				GCC_PREPROCESSOR_DEFINITIONS = (
					"$(inherited)",
					"COCOAPODS=1",
					"DEVELOPMENT=0",
				);
				INFOPLIST_FILE = "tpg offline/Info.plist";
				IPHONEOS_DEPLOYMENT_TARGET = 8.0;
				LD_RUNPATH_SEARCH_PATHS = "$(inherited) @executable_path/Frameworks";
				MACH_O_TYPE = mh_execute;
				PRODUCT_BUNDLE_IDENTIFIER = com.dacostafaro.tpgoffline;
				PRODUCT_NAME = "$(TARGET_NAME)";
				PROVISIONING_PROFILE = "";
				SWIFT_OBJC_BRIDGING_HEADER = "tpg offline-Bridging-Header.h";
			};
			name = Release;
		};
		AD11CD8A1C8336AA00DFF4AA /* Debug */ = {
			isa = XCBuildConfiguration;
			buildSettings = {
				CLANG_ANALYZER_NONNULL = YES;
				INFOPLIST_FILE = "tpg offline UITests/Info.plist";
				IPHONEOS_DEPLOYMENT_TARGET = 9.0;
				LD_RUNPATH_SEARCH_PATHS = "$(inherited) @executable_path/Frameworks @loader_path/Frameworks";
				PRODUCT_BUNDLE_IDENTIFIER = "com.dacostafaro.tpg-offline-UITests";
				PRODUCT_NAME = "$(TARGET_NAME)";
				TEST_TARGET_NAME = "tpg offline";
			};
			name = Debug;
		};
		AD11CD8B1C8336AA00DFF4AA /* Release */ = {
			isa = XCBuildConfiguration;
			buildSettings = {
				CLANG_ANALYZER_NONNULL = YES;
				INFOPLIST_FILE = "tpg offline UITests/Info.plist";
				IPHONEOS_DEPLOYMENT_TARGET = 9.0;
				LD_RUNPATH_SEARCH_PATHS = "$(inherited) @executable_path/Frameworks @loader_path/Frameworks";
				PRODUCT_BUNDLE_IDENTIFIER = "com.dacostafaro.tpg-offline-UITests";
				PRODUCT_NAME = "$(TARGET_NAME)";
				TEST_TARGET_NAME = "tpg offline";
			};
			name = Release;
		};
/* End XCBuildConfiguration section */

/* Begin XCConfigurationList section */
		002B47D81C01FA6F000BF3E8 /* Build configuration list for PBXProject "tpg offline" */ = {
			isa = XCConfigurationList;
			buildConfigurations = (
				002B47ED1C01FA6F000BF3E8 /* Debug */,
				002B47EE1C01FA6F000BF3E8 /* Release */,
			);
			defaultConfigurationIsVisible = 0;
			defaultConfigurationName = Release;
		};
		002B47EF1C01FA6F000BF3E8 /* Build configuration list for PBXNativeTarget "tpg offline" */ = {
			isa = XCConfigurationList;
			buildConfigurations = (
				002B47F01C01FA6F000BF3E8 /* Debug */,
				002B47F11C01FA6F000BF3E8 /* Release */,
			);
			defaultConfigurationIsVisible = 0;
			defaultConfigurationName = Release;
		};
		AD11CD8C1C8336AA00DFF4AA /* Build configuration list for PBXNativeTarget "tpg offline UITests" */ = {
			isa = XCConfigurationList;
			buildConfigurations = (
				AD11CD8A1C8336AA00DFF4AA /* Debug */,
				AD11CD8B1C8336AA00DFF4AA /* Release */,
			);
			defaultConfigurationIsVisible = 0;
			defaultConfigurationName = Release;
		};
/* End XCConfigurationList section */
	};
	rootObject = 002B47D51C01FA6F000BF3E8 /* Project object */;
}
