PODS:
  - BGTableViewRowActionWithImage (0.3.0)
  - ChameleonFramework (2.0.6):
    - ChameleonFramework/Default (= 2.0.6)
  - ChameleonFramework/Default (2.0.6)
  - DGRunkeeperSwitch (1.1.1)
  - EFCircularSlider (0.2.0)
  - FontAwesomeKit (2.2.0):
    - FontAwesomeKit/Core (= 2.2.0)
    - FontAwesomeKit/FontAwesome (= 2.2.0)
    - FontAwesomeKit/FoundationIcons (= 2.2.0)
    - FontAwesomeKit/IonIcons (= 2.2.0)
    - FontAwesomeKit/Zocial (= 2.2.0)
  - FontAwesomeKit/Core (2.2.0)
  - FontAwesomeKit/FontAwesome (2.2.0):
    - FontAwesomeKit/Core
  - FontAwesomeKit/FoundationIcons (2.2.0):
    - FontAwesomeKit/Core
  - FontAwesomeKit/IonIcons (2.2.0):
    - FontAwesomeKit/Core
  - FontAwesomeKit/Zocial (2.2.0):
    - FontAwesomeKit/Core
  - FSCalendar (1.7.2)
  - SCLAlertView (0.4.3)
  - SwiftLocation (0.2.0)
  - SwiftyJSON (2.3.2)

DEPENDENCIES:
  - BGTableViewRowActionWithImage
  - ChameleonFramework
  - DGRunkeeperSwitch
  - EFCircularSlider
  - FontAwesomeKit
  - FSCalendar
  - SCLAlertView
  - SwiftLocation
  - SwiftyJSON

SPEC CHECKSUMS:
  BGTableViewRowActionWithImage: 687380a0a13f72af2c93c7e41f054a4c03e78188
  ChameleonFramework: a6b466873ff9a4ce3a5196c20bccf1a97ad9f446
  DGRunkeeperSwitch: da12f199532a99958a1e87ec0a5af61efdba11ec
  EFCircularSlider: 3af1dd6f86eb3eeeeaab0345ef3d6d1c2fc93d17
  FontAwesomeKit: 025fd4dd1017fe4e3f8d47b03e024deedbb33cd4
  FSCalendar: 38f5b3de1aeaa7dc03a3e997bdc6fb3ff3a88b8d
  SCLAlertView: a5c726a80a938fd3127edd7dbc19da33fb936ca3
  SwiftLocation: ea78ae4a822581bde7379d98c8513273723c8840
  SwiftyJSON: 04ccea08915aa0109039157c7974cf0298da292a

PODFILE CHECKSUM: 90c44fb85a1694f0fe36660957fb1d157f5eb179

COCOAPODS: 1.0.0.beta.2
