PODS:
  - Alamofire (3.3.0)
  - ChameleonFramework/Default (2.1.0)
  - ChameleonFramework/Swift (2.1.0):
    - ChameleonFramework/Default
  - DGElasticPullToRefresh (1.0.3)
  - DGRunkeeperSwitch (1.1.1)
  - EFCircularSlider (0.2.0)
  - FontAwesomeKit (2.2.1):
    - FontAwesomeKit/Core (= 2.2.1)
    - FontAwesomeKit/FontAwesome (= 2.2.1)
    - FontAwesomeKit/FoundationIcons (= 2.2.1)
    - FontAwesomeKit/IonIcons (= 2.2.1)
    - FontAwesomeKit/Material (= 2.2.1)
    - FontAwesomeKit/Octicons (= 2.2.1)
    - FontAwesomeKit/Zocial (= 2.2.1)
  - FontAwesomeKit/Core (2.2.1)
  - FontAwesomeKit/FontAwesome (2.2.1):
    - FontAwesomeKit/Core
  - FontAwesomeKit/FoundationIcons (2.2.1):
    - FontAwesomeKit/Core
  - FontAwesomeKit/IonIcons (2.2.1):
    - FontAwesomeKit/Core
  - FontAwesomeKit/Material (2.2.1):
    - FontAwesomeKit/Core
  - FontAwesomeKit/Octicons (2.2.1):
    - FontAwesomeKit/Core
  - FontAwesomeKit/Zocial (2.2.1):
    - FontAwesomeKit/Core
  - FSCalendar (2.0.1)
  - INTULocationManager (4.2.0)
  - Localize-Swift (1.1)
  - MRProgress (0.8.3):
    - MRProgress/ActivityIndicator (= 0.8.3)
    - MRProgress/Blur (= 0.8.3)
    - MRProgress/Circular (= 0.8.3)
    - MRProgress/Icons (= 0.8.3)
    - MRProgress/NavigationBarProgress (= 0.8.3)
    - MRProgress/Overlay (= 0.8.3)
  - MRProgress/ActivityIndicator (0.8.3):
    - MRProgress/Stopable
  - MRProgress/Blur (0.8.3):
    - MRProgress/Helper
  - MRProgress/Circular (0.8.3):
    - MRProgress/Helper
    - MRProgress/ProgressBaseClass
    - MRProgress/Stopable
  - MRProgress/Helper (0.8.3)
  - MRProgress/Icons (0.8.3)
  - MRProgress/NavigationBarProgress (0.8.3):
    - MRProgress/ProgressBaseClass
  - MRProgress/Overlay (0.8.3):
    - MRProgress/ActivityIndicator
    - MRProgress/Blur
    - MRProgress/Circular
    - MRProgress/Helper
    - MRProgress/Icons
  - MRProgress/ProgressBaseClass (0.8.3)
  - MRProgress/Stopable (0.8.3):
    - MRProgress/Helper
  - Onboard (2.1.7)
  - PermissionScope (1.0.2)
  - SCLAlertView (0.5.1)
  - SwiftDate (3.0.8)
  - SwiftInAppPurchase (1.0.0)
  - SwiftyJSON (2.3.2)

DEPENDENCIES:
  - Alamofire
  - ChameleonFramework/Swift (from `https://github.com/ViccAlexander/Chameleon.git`)
  - DGElasticPullToRefresh (from `https://github.com/gontovnik/DGElasticPullToRefresh.git`)
  - DGRunkeeperSwitch (from `https://github.com/gontovnik/DGRunkeeperSwitch.git`)
  - EFCircularSlider (from `https://github.com/RemyDCF/EFCircularSlider.git`)
  - FontAwesomeKit (from `https://github.com/PrideChung/FontAwesomeKit.git`)
  - FSCalendar
  - INTULocationManager (from `https://github.com/intuit/LocationManager.git`)
  - Localize-Swift (from `https://github.com/marmelroy/Localize-Swift.git`)
  - MRProgress (from `https://github.com/mrackwitz/MRProgress.git`)
  - Onboard (from `https://github.com/mamaral/Onboard.git`)
  - PermissionScope (from `https://github.com/nickoneill/PermissionScope.git`)
  - SCLAlertView (from `https://github.com/Pevika/SCLAlertView-Swift.git`)
  - SwiftDate (from `https://github.com/malcommac/SwiftDate.git`)
  - SwiftInAppPurchase (from `https://github.com/rpzzzzzz/SwiftInAppPurchase.git`)
  - SwiftyJSON (from `https://github.com/SwiftyJSON/SwiftyJSON.git`)

EXTERNAL SOURCES:
  ChameleonFramework:
    :git: https://github.com/ViccAlexander/Chameleon.git
  DGElasticPullToRefresh:
    :git: https://github.com/gontovnik/DGElasticPullToRefresh.git
  DGRunkeeperSwitch:
    :git: https://github.com/gontovnik/DGRunkeeperSwitch.git
  EFCircularSlider:
    :git: https://github.com/RemyDCF/EFCircularSlider.git
  FontAwesomeKit:
    :git: https://github.com/PrideChung/FontAwesomeKit.git
  INTULocationManager:
    :git: https://github.com/intuit/LocationManager.git
  Localize-Swift:
    :git: https://github.com/marmelroy/Localize-Swift.git
  MRProgress:
    :git: https://github.com/mrackwitz/MRProgress.git
  Onboard:
    :git: https://github.com/mamaral/Onboard.git
  PermissionScope:
    :git: https://github.com/nickoneill/PermissionScope.git
  SCLAlertView:
    :git: https://github.com/Pevika/SCLAlertView-Swift.git
  SwiftDate:
    :git: https://github.com/malcommac/SwiftDate.git
  SwiftInAppPurchase:
    :git: https://github.com/rpzzzzzz/SwiftInAppPurchase.git
  SwiftyJSON:
    :git: https://github.com/SwiftyJSON/SwiftyJSON.git

CHECKOUT OPTIONS:
  ChameleonFramework:
    :commit: 5fc82fcf9b56ead9f70a8d73122a1985547bc4b8
    :git: https://github.com/ViccAlexander/Chameleon.git
  DGElasticPullToRefresh:
    :commit: f9609227855702d94c2c880e4ca058b631d4376f
    :git: https://github.com/gontovnik/DGElasticPullToRefresh.git
  DGRunkeeperSwitch:
    :commit: 1f4d6c80225ce6766705f75494995a5adb66c648
    :git: https://github.com/gontovnik/DGRunkeeperSwitch.git
  EFCircularSlider:
    :commit: 52783c3f13b87fea6b5384fb2fbd4e287a3dd65f
    :git: https://github.com/RemyDCF/EFCircularSlider.git
  FontAwesomeKit:
    :commit: eac30313fee77f6db1b6832b1d4b7d8f2007b381
    :git: https://github.com/PrideChung/FontAwesomeKit.git
  INTULocationManager:
    :commit: 8e8402e8b4486e4a59581ed77efc928a2f727481
    :git: https://github.com/intuit/LocationManager.git
  Localize-Swift:
    :commit: cac9f41c3fd0b518776b8d5faabe0279449c347d
    :git: https://github.com/marmelroy/Localize-Swift.git
  MRProgress:
    :commit: 973569c82738e4720f4226ad9afbcc723efa4a90
    :git: https://github.com/mrackwitz/MRProgress.git
  Onboard:
    :commit: c1a4afaea8307a56466560c033d098883c240f2d
    :git: https://github.com/mamaral/Onboard.git
  PermissionScope:
    :commit: f37fbf61ccdd56e40ff58ad5a69472f2500974ae
    :git: https://github.com/nickoneill/PermissionScope.git
  SCLAlertView:
    :commit: 80ad641a4fd3422ba80666d9865c6043a288f19c
    :git: https://github.com/Pevika/SCLAlertView-Swift.git
  SwiftDate:
    :commit: 947bf6adae948b3743f7b96ffb2d2ef460f51eda
    :git: https://github.com/malcommac/SwiftDate.git
  SwiftInAppPurchase:
    :commit: 1080c4821443c5b71dff445a8c6c5b79f4bed2e4
    :git: https://github.com/rpzzzzzz/SwiftInAppPurchase.git
  SwiftyJSON:
    :commit: 2a5b70f06001316d4fb54501edc70b4084705da0
    :git: https://github.com/SwiftyJSON/SwiftyJSON.git

SPEC CHECKSUMS:
  Alamofire: 9054db4a1b1ca9e363223183e01cea380159a27c
  ChameleonFramework: d21a3cc247abfe5e37609a283a8238b03575cf64
  DGElasticPullToRefresh: 040f39ae69840b3261d163fe6735c5901bf851e9
  DGRunkeeperSwitch: da12f199532a99958a1e87ec0a5af61efdba11ec
  EFCircularSlider: 8c9e901891fb813e89c4158508eefa8e35903454
  FontAwesomeKit: 3614979b3dbb0ec3f7fac1bd760b91f66c31db67
  FSCalendar: 18117308f5876a8f6f0fe572085d543580c2c5e5
  INTULocationManager: 73f8254b3d05c897c56bb13c190e5b7c648c0998
  Localize-Swift: 72fab22c9c271a1041082fa3b53ca64e527ccf4a
  MRProgress: b0c2bcff94ee700ac2aea810e1f51720c059cbd3
  Onboard: 87648089e1b76d13b4f5bf8f7a1cdb144092f0af
  PermissionScope: 860828c5516d349b6f49e5491799cfef33c5ccc7
  SCLAlertView: 3ac39a863d3e10fc165662b1228b03402297aea9
  SwiftDate: 971f8b9394f664f2226b9c3ab64e801a7291c612
  SwiftInAppPurchase: e6d19c8a9d102635cb62fd9de7291eb6f3f0669e
  SwiftyJSON: 04ccea08915aa0109039157c7974cf0298da292a

PODFILE CHECKSUM: c12f925074d5205d111f2d1bbc2a60a2561128b8

COCOAPODS: 1.0.0.beta.6
