// !$*UTF8*$!
{
	archiveVersion = 1;
	classes = {
	};
	objectVersion = 48;
	objects = {

/* Begin PBXBuildFile section */
		AD087F8A1DC1F90500E51CB1 /* Localizable.strings in Resources */ = {isa = PBXBuildFile; fileRef = ADC733F51D6890C500296449 /* Localizable.strings */; };
		AD1BE0041DBE3222008F33A3 /* SplashScreenViewController.swift in Sources */ = {isa = PBXBuildFile; fileRef = AD1BE0031DBE3222008F33A3 /* SplashScreenViewController.swift */; };
		AD21622C1DBCE4EC009801B9 /* Alamofire.framework in Frameworks */ = {isa = PBXBuildFile; fileRef = AD21622B1DBCE4EC009801B9 /* Alamofire.framework */; };
		AD2162341DBCE809009801B9 /* Incidents.storyboard in Resources */ = {isa = PBXBuildFile; fileRef = AD2162321DBCE809009801B9 /* Incidents.storyboard */; };
		AD2162391DBCE8C8009801B9 /* Settings.storyboard in Resources */ = {isa = PBXBuildFile; fileRef = AD2162371DBCE8C8009801B9 /* Settings.storyboard */; };
		AD38A6761E74EE360022C6F2 /* InfoPlist.strings in Resources */ = {isa = PBXBuildFile; fileRef = AD38A6781E74EE360022C6F2 /* InfoPlist.strings */; };
		AD4F2EBE1DBA6F66008DE615 /* colorLines.json in Resources */ = {isa = PBXBuildFile; fileRef = ADC733F81D6890C500296449 /* colorLines.json */; };
		AD4F2EC31DBA7534008DE615 /* FontAwesome.otf in Resources */ = {isa = PBXBuildFile; fileRef = AD4F2EC21DBA7534008DE615 /* FontAwesome.otf */; };
		AD4F2EC41DBA7534008DE615 /* FontAwesome.otf in Resources */ = {isa = PBXBuildFile; fileRef = AD4F2EC21DBA7534008DE615 /* FontAwesome.otf */; };
		AD5268261E6CA76B00A27F84 /* AKPickerView.framework in Frameworks */ = {isa = PBXBuildFile; fileRef = AD5268251E6CA76B00A27F84 /* AKPickerView.framework */; };
		AD5268281E6CA78A00A27F84 /* DGElasticPullToRefresh.framework in Frameworks */ = {isa = PBXBuildFile; fileRef = AD5268271E6CA78A00A27F84 /* DGElasticPullToRefresh.framework */; };
		AD52682A1E6CAA6E00A27F84 /* DGRunkeeperSwitch.framework in Frameworks */ = {isa = PBXBuildFile; fileRef = AD5268291E6CAA6E00A27F84 /* DGRunkeeperSwitch.framework */; };
		AD52682C1E6CAF2D00A27F84 /* NVActivityIndicatorView.framework in Frameworks */ = {isa = PBXBuildFile; fileRef = AD52682B1E6CAF2D00A27F84 /* NVActivityIndicatorView.framework */; };
		AD62DD411D7C6A8100B2CA86 /* DeparturesInterfaceController.swift in Sources */ = {isa = PBXBuildFile; fileRef = AD62DD3C1D7C6A8100B2CA86 /* DeparturesInterfaceController.swift */; };
		AD62DD421D7C6A8100B2CA86 /* DeparturesRowController.swift in Sources */ = {isa = PBXBuildFile; fileRef = AD62DD3D1D7C6A8100B2CA86 /* DeparturesRowController.swift */; };
		AD62DD431D7C6A8100B2CA86 /* StopsInterfaceController.swift in Sources */ = {isa = PBXBuildFile; fileRef = AD62DD3F1D7C6A8100B2CA86 /* StopsInterfaceController.swift */; };
		AD62DD441D7C6A8100B2CA86 /* StopsRowController.swift in Sources */ = {isa = PBXBuildFile; fileRef = AD62DD401D7C6A8100B2CA86 /* StopsRowController.swift */; };
		AD62DD461D7C6B1900B2CA86 /* WatchSessionManager.swift in Sources */ = {isa = PBXBuildFile; fileRef = AD62DD451D7C6B1900B2CA86 /* WatchSessionManager.swift */; };
		AD62DD481D7C6B4200B2CA86 /* AppValues.swift in Sources */ = {isa = PBXBuildFile; fileRef = AD62DD471D7C6B4200B2CA86 /* AppValues.swift */; };
		AD62DD491D7C6B4900B2CA86 /* Stop.swift in Sources */ = {isa = PBXBuildFile; fileRef = ADC733BD1D6890C500296449 /* Stop.swift */; };
		AD62DD4A1D7C6B5100B2CA86 /* Departures.swift in Sources */ = {isa = PBXBuildFile; fileRef = ADC733B71D6890C500296449 /* Departures.swift */; };
		AD63838C1E7485E000213C48 /* SwiftyJSON.framework in Frameworks */ = {isa = PBXBuildFile; fileRef = AD63838B1E7485E000213C48 /* SwiftyJSON.framework */; };
		AD63838E1E74869500213C48 /* SwiftLocation.framework in Frameworks */ = {isa = PBXBuildFile; fileRef = AD63838D1E74869500213C48 /* SwiftLocation.framework */; };
		AD6383901E7486B200213C48 /* SwiftyJSON.framework in Frameworks */ = {isa = PBXBuildFile; fileRef = AD63838F1E7486B200213C48 /* SwiftyJSON.framework */; };
		AD6383921E74896300213C48 /* VHUD.framework in Frameworks */ = {isa = PBXBuildFile; fileRef = AD6383911E74896300213C48 /* VHUD.framework */; };
		AD63839A1E74BA3300213C48 /* FilterDeparturesTableViewController.swift in Sources */ = {isa = PBXBuildFile; fileRef = AD6383991E74BA3200213C48 /* FilterDeparturesTableViewController.swift */; };
		AD834B2A1E6E0DAE0028C38D /* SCLAlertView.framework in Frameworks */ = {isa = PBXBuildFile; fileRef = AD834B291E6E0DAE0028C38D /* SCLAlertView.framework */; };
		AD89249C1D84479D00F5FC20 /* SnapshotHelper.swift in Sources */ = {isa = PBXBuildFile; fileRef = AD8924991D84479D00F5FC20 /* SnapshotHelper.swift */; };
		AD89249D1D84479D00F5FC20 /* tpg_offline_UITests.swift in Sources */ = {isa = PBXBuildFile; fileRef = AD89249A1D84479D00F5FC20 /* tpg_offline_UITests.swift */; };
		AD90EA331E2461BC0015D735 /* Roboto-Thin.ttf in Resources */ = {isa = PBXBuildFile; fileRef = AD90EA321E2461BC0015D735 /* Roboto-Thin.ttf */; };
		AD90EA351E2462120015D735 /* Roboto-Light.ttf in Resources */ = {isa = PBXBuildFile; fileRef = AD90EA341E2462120015D735 /* Roboto-Light.ttf */; };
		AD9A8C451DC230AE0021C7CD /* Routes.storyboard in Resources */ = {isa = PBXBuildFile; fileRef = AD9A8C471DC230AE0021C7CD /* Routes.storyboard */; };
		AD9A8C501DC230E90021C7CD /* Maps.storyboard in Resources */ = {isa = PBXBuildFile; fileRef = AD9A8C521DC230E90021C7CD /* Maps.storyboard */; };
		AD9A8C5B1DC231080021C7CD /* Departures.storyboard in Resources */ = {isa = PBXBuildFile; fileRef = AD9A8C5D1DC231080021C7CD /* Departures.storyboard */; };
		AD9A8C631DC2323C0021C7CD /* Alamofire.framework in Frameworks */ = {isa = PBXBuildFile; fileRef = AD9A8C621DC2323C0021C7CD /* Alamofire.framework */; };
		ADA4686F1E054BAD00FEA198 /* GoogleService-Info.plist in Resources */ = {isa = PBXBuildFile; fileRef = ADA4686E1E054BAD00FEA198 /* GoogleService-Info.plist */; };
		ADA469351E05568C00FEA198 /* FirebaseAnalytics.framework in Frameworks */ = {isa = PBXBuildFile; fileRef = ADA469341E05568C00FEA198 /* FirebaseAnalytics.framework */; };
		ADA469371E05569300FEA198 /* FirebaseCore.framework in Frameworks */ = {isa = PBXBuildFile; fileRef = ADA469361E05569300FEA198 /* FirebaseCore.framework */; };
		ADA469391E05569700FEA198 /* FirebaseCrash.framework in Frameworks */ = {isa = PBXBuildFile; fileRef = ADA469381E05569700FEA198 /* FirebaseCrash.framework */; };
		ADA4693B1E05569D00FEA198 /* FirebaseInstanceID.framework in Frameworks */ = {isa = PBXBuildFile; fileRef = ADA4693A1E05569D00FEA198 /* FirebaseInstanceID.framework */; };
		ADA4693D1E0556A200FEA198 /* FirebaseMessaging.framework in Frameworks */ = {isa = PBXBuildFile; fileRef = ADA4693C1E0556A200FEA198 /* FirebaseMessaging.framework */; };
		ADA4693F1E0556AE00FEA198 /* GoogleInterchangeUtilities.framework in Frameworks */ = {isa = PBXBuildFile; fileRef = ADA4693E1E0556AE00FEA198 /* GoogleInterchangeUtilities.framework */; };
		ADA469411E0556B600FEA198 /* GoogleSymbolUtilities.framework in Frameworks */ = {isa = PBXBuildFile; fileRef = ADA469401E0556B600FEA198 /* GoogleSymbolUtilities.framework */; };
		ADA469431E0556BB00FEA198 /* GoogleToolboxForMac.framework in Frameworks */ = {isa = PBXBuildFile; fileRef = ADA469421E0556BB00FEA198 /* GoogleToolboxForMac.framework */; };
		ADA469451E0556E700FEA198 /* libicucore.tbd in Frameworks */ = {isa = PBXBuildFile; fileRef = ADA469441E0556E700FEA198 /* libicucore.tbd */; };
		ADBA28711DC0ABA8002E28AD /* ReminderInterfaceController.swift in Sources */ = {isa = PBXBuildFile; fileRef = ADBA28701DC0ABA8002E28AD /* ReminderInterfaceController.swift */; };
		ADC7341A1D6890C500296449 /* AppValues.swift in Sources */ = {isa = PBXBuildFile; fileRef = ADC733B11D6890C500296449 /* AppValues.swift */; };
		ADC7341D1D6890C500296449 /* Departures.swift in Sources */ = {isa = PBXBuildFile; fileRef = ADC733B71D6890C500296449 /* Departures.swift */; };
		ADC7341F1D6890C500296449 /* Perturbations.swift in Sources */ = {isa = PBXBuildFile; fileRef = ADC733B91D6890C500296449 /* Perturbations.swift */; };
		ADC734201D6890C500296449 /* Route.swift in Sources */ = {isa = PBXBuildFile; fileRef = ADC733BA1D6890C500296449 /* Route.swift */; };
		ADC734211D6890C500296449 /* RoutesConnections.swift in Sources */ = {isa = PBXBuildFile; fileRef = ADC733BB1D6890C500296449 /* RoutesConnections.swift */; };
		ADC734221D6890C500296449 /* SearchRoute.swift in Sources */ = {isa = PBXBuildFile; fileRef = ADC733BC1D6890C500296449 /* SearchRoute.swift */; };
		ADC734231D6890C500296449 /* Stop.swift in Sources */ = {isa = PBXBuildFile; fileRef = ADC733BD1D6890C500296449 /* Stop.swift */; };
		ADC734241D6890C500296449 /* Thermometer.swift in Sources */ = {isa = PBXBuildFile; fileRef = ADC733BE1D6890C500296449 /* Thermometer.swift */; };
		ADC734261D6890C500296449 /* WatchSessionManager.swift in Sources */ = {isa = PBXBuildFile; fileRef = ADC733C01D6890C500296449 /* WatchSessionManager.swift */; };
		ADC734271D6890C500296449 /* AllDeparturesCollectionViewCell.swift in Sources */ = {isa = PBXBuildFile; fileRef = ADC733C21D6890C500296449 /* AllDeparturesCollectionViewCell.swift */; };
		ADC734281D6890C500296449 /* ButtonCollectionViewCell.swift in Sources */ = {isa = PBXBuildFile; fileRef = ADC733C31D6890C500296449 /* ButtonCollectionViewCell.swift */; };
		ADC734291D6890C500296449 /* DeparturesTableViewCell.swift in Sources */ = {isa = PBXBuildFile; fileRef = ADC733C41D6890C500296449 /* DeparturesTableViewCell.swift */; };
		ADC7342A1D6890C500296449 /* DetailRouteTableViewCell.swift in Sources */ = {isa = PBXBuildFile; fileRef = ADC733C51D6890C500296449 /* DetailRouteTableViewCell.swift */; };
		ADC7342B1D6890C500296449 /* FavoriteRouteTableViewCell.swift in Sources */ = {isa = PBXBuildFile; fileRef = ADC733C61D6890C500296449 /* FavoriteRouteTableViewCell.swift */; };
		ADC7342C1D6890C500296449 /* LoadingCellTableViewCell.swift in Sources */ = {isa = PBXBuildFile; fileRef = ADC733C71D6890C500296449 /* LoadingCellTableViewCell.swift */; };
		ADC7342D1D6890C500296449 /* RoutesListTableViewCell.swift in Sources */ = {isa = PBXBuildFile; fileRef = ADC733C81D6890C500296449 /* RoutesListTableViewCell.swift */; };
		ADC7342E1D6890C500296449 /* SeeLineTableViewCell.swift in Sources */ = {isa = PBXBuildFile; fileRef = ADC733C91D6890C500296449 /* SeeLineTableViewCell.swift */; };
		ADC7342F1D6890C500296449 /* StopImageTableViewCell.swift in Sources */ = {isa = PBXBuildFile; fileRef = ADC733CA1D6890C500296449 /* StopImageTableViewCell.swift */; };
		ADC734301D6890C500296449 /* SwitchTableViewCell.swift in Sources */ = {isa = PBXBuildFile; fileRef = ADC733CB1D6890C500296449 /* SwitchTableViewCell.swift */; };
		ADC734311D6890C500296449 /* ThemeCollectionViewCell.swift in Sources */ = {isa = PBXBuildFile; fileRef = ADC733CC1D6890C500296449 /* ThemeCollectionViewCell.swift */; };
		ADC734321D6890C500296449 /* DeparturesTableViewController.swift in Sources */ = {isa = PBXBuildFile; fileRef = ADC733CE1D6890C500296449 /* DeparturesTableViewController.swift */; };
		ADC734331D6890C500296449 /* RouteToStopViewController.swift in Sources */ = {isa = PBXBuildFile; fileRef = ADC733CF1D6890C500296449 /* RouteToStopViewController.swift */; };
		ADC734341D6890C500296449 /* SeeAllDeparturesViewController.swift in Sources */ = {isa = PBXBuildFile; fileRef = ADC733D01D6890C500296449 /* SeeAllDeparturesViewController.swift */; };
		ADC734351D6890C500296449 /* StopsTableViewController.swift in Sources */ = {isa = PBXBuildFile; fileRef = ADC733D11D6890C500296449 /* StopsTableViewController.swift */; };
		ADC734361D6890C500296449 /* ThermometerTableViewController.swift in Sources */ = {isa = PBXBuildFile; fileRef = ADC733D21D6890C500296449 /* ThermometerTableViewController.swift */; };
		ADC734381D6890C500296449 /* NSUserDefaultsExtension.swift in Sources */ = {isa = PBXBuildFile; fileRef = ADC733D61D6890C500296449 /* NSUserDefaultsExtension.swift */; };
		ADC734391D6890C500296449 /* UIKitExtension.swift in Sources */ = {isa = PBXBuildFile; fileRef = ADC733D71D6890C500296449 /* UIKitExtension.swift */; };
		ADC734471D6890C500296449 /* IncidentsTableViewController.swift in Sources */ = {isa = PBXBuildFile; fileRef = ADC733EF1D6890C500296449 /* IncidentsTableViewController.swift */; };
		ADC734481D6890C500296449 /* MapsListTableViewController.swift in Sources */ = {isa = PBXBuildFile; fileRef = ADC733F11D6890C500296449 /* MapsListTableViewController.swift */; };
		ADC734491D6890C500296449 /* MapViewController.swift in Sources */ = {isa = PBXBuildFile; fileRef = ADC733F21D6890C500296449 /* MapViewController.swift */; };
		ADC7344A1D6890C500296449 /* stops.json in Resources */ = {isa = PBXBuildFile; fileRef = ADC733F41D6890C500296449 /* stops.json */; };
		ADC7344B1D6890C500296449 /* Localizable.strings in Resources */ = {isa = PBXBuildFile; fileRef = ADC733F51D6890C500296449 /* Localizable.strings */; };
		ADC7344C1D6890C500296449 /* Bel-Air.gpx in Resources */ = {isa = PBXBuildFile; fileRef = ADC733F71D6890C500296449 /* Bel-Air.gpx */; };
		ADC7344D1D6890C500296449 /* colorLines.json in Resources */ = {isa = PBXBuildFile; fileRef = ADC733F81D6890C500296449 /* colorLines.json */; };
		ADC734501D6890C500296449 /* tpg offline.geojson in Resources */ = {isa = PBXBuildFile; fileRef = ADC733FE1D6890C500296449 /* tpg offline.geojson */; };
		ADC734511D6890C500296449 /* CalendarSelectionViewController.swift in Sources */ = {isa = PBXBuildFile; fileRef = ADC734001D6890C500296449 /* CalendarSelectionViewController.swift */; };
		ADC734521D6890C500296449 /* RouteDetailTableViewController.swift in Sources */ = {isa = PBXBuildFile; fileRef = ADC734011D6890C500296449 /* RouteDetailTableViewController.swift */; };
		ADC734531D6890C500296449 /* RoutesListTableViewController.swift in Sources */ = {isa = PBXBuildFile; fileRef = ADC734021D6890C500296449 /* RoutesListTableViewController.swift */; };
		ADC734541D6890C500296449 /* RoutesStopsTableViewController.swift in Sources */ = {isa = PBXBuildFile; fileRef = ADC734031D6890C500296449 /* RoutesStopsTableViewController.swift */; };
		ADC734551D6890C500296449 /* RoutesTableViewController.swift in Sources */ = {isa = PBXBuildFile; fileRef = ADC734041D6890C500296449 /* RoutesTableViewController.swift */; };
		ADC734561D6890C500296449 /* TimeSelectionViewController.swift in Sources */ = {isa = PBXBuildFile; fileRef = ADC734051D6890C500296449 /* TimeSelectionViewController.swift */; };
		ADC734571D6890C500296449 /* CreditsTableViewController.swift in Sources */ = {isa = PBXBuildFile; fileRef = ADC734071D6890C500296449 /* CreditsTableViewController.swift */; };
		ADC734581D6890C500296449 /* LocationSettingsTableViewController.swift in Sources */ = {isa = PBXBuildFile; fileRef = ADC734081D6890C500296449 /* LocationSettingsTableViewController.swift */; };
		ADC734591D6890C500296449 /* SelectDefaultTabBarItem.swift in Sources */ = {isa = PBXBuildFile; fileRef = ADC734091D6890C500296449 /* SelectDefaultTabBarItem.swift */; };
		ADC7345A1D6890C500296449 /* SettingsTableViewController.swift in Sources */ = {isa = PBXBuildFile; fileRef = ADC7340A1D6890C500296449 /* SettingsTableViewController.swift */; };
		ADC7345B1D6890C500296449 /* ThemesCollectionViewController.swift in Sources */ = {isa = PBXBuildFile; fileRef = ADC7340B1D6890C500296449 /* ThemesCollectionViewController.swift */; };
		ADC7345C1D6890C500296449 /* WebViewController.swift in Sources */ = {isa = PBXBuildFile; fileRef = ADC7340C1D6890C500296449 /* WebViewController.swift */; };
		ADC7345D1D6890C500296449 /* Assets.xcassets in Resources */ = {isa = PBXBuildFile; fileRef = ADC7340E1D6890C500296449 /* Assets.xcassets */; };
		ADC7345E1D6890C500296449 /* LaunchScreen.storyboard in Resources */ = {isa = PBXBuildFile; fileRef = ADC7340F1D6890C500296449 /* LaunchScreen.storyboard */; };
		ADC7345F1D6890C500296449 /* Main.storyboard in Resources */ = {isa = PBXBuildFile; fileRef = ADC734111D6890C500296449 /* Main.storyboard */; };
		ADC734681D6890EF00296449 /* Interface.storyboard in Resources */ = {isa = PBXBuildFile; fileRef = ADC734661D6890EF00296449 /* Interface.storyboard */; };
		ADC7346A1D6890EF00296449 /* Assets.xcassets in Resources */ = {isa = PBXBuildFile; fileRef = ADC734691D6890EF00296449 /* Assets.xcassets */; };
		ADC734711D6890EF00296449 /* tpg offline Watch Extension.appex in Embed App Extensions */ = {isa = PBXBuildFile; fileRef = ADC734701D6890EF00296449 /* tpg offline Watch Extension.appex */; settings = {ATTRIBUTES = (RemoveHeadersOnCopy, ); }; };
		ADC7347A1D6890EF00296449 /* ExtensionDelegate.swift in Sources */ = {isa = PBXBuildFile; fileRef = ADC734791D6890EF00296449 /* ExtensionDelegate.swift */; };
		ADC7347C1D6890EF00296449 /* NotificationController.swift in Sources */ = {isa = PBXBuildFile; fileRef = ADC7347B1D6890EF00296449 /* NotificationController.swift */; };
		ADC7347E1D6890EF00296449 /* Assets.xcassets in Resources */ = {isa = PBXBuildFile; fileRef = ADC7347D1D6890EF00296449 /* Assets.xcassets */; };
		ADC734821D6890EF00296449 /* tpg offline Watch.app in Embed Watch Content */ = {isa = PBXBuildFile; fileRef = ADC734641D6890EF00296449 /* tpg offline Watch.app */; };
		ADC734951D68917D00296449 /* FSCalendar.framework in Frameworks */ = {isa = PBXBuildFile; fileRef = ADC734941D68917D00296449 /* FSCalendar.framework */; };
		ADC734991D68918500296449 /* Onboard.framework in Frameworks */ = {isa = PBXBuildFile; fileRef = ADC734981D68918500296449 /* Onboard.framework */; };
		ADE240C41DB7BA6D0040EBE2 /* AppDelegate.swift in Sources */ = {isa = PBXBuildFile; fileRef = ADE240C31DB7BA6D0040EBE2 /* AppDelegate.swift */; };
		ADFAA2901E72370A00C85F87 /* ItineraryCellCollectionViewCell.swift in Sources */ = {isa = PBXBuildFile; fileRef = ADFAA28F1E72370A00C85F87 /* ItineraryCellCollectionViewCell.swift */; };
		ADFAA2921E723CF200C85F87 /* HeaderCollectionView.swift in Sources */ = {isa = PBXBuildFile; fileRef = ADFAA2911E723CF200C85F87 /* HeaderCollectionView.swift */; };
		ADFCC15A1DF8734700818CB5 /* UserDefaultsKeys.swift in Sources */ = {isa = PBXBuildFile; fileRef = ADFCC1591DF8734700818CB5 /* UserDefaultsKeys.swift */; };
/* End PBXBuildFile section */

/* Begin PBXContainerItemProxy section */
		ADC733A11D68908F00296449 /* PBXContainerItemProxy */ = {
			isa = PBXContainerItemProxy;
			containerPortal = ADC733841D68908F00296449 /* Project object */;
			proxyType = 1;
			remoteGlobalIDString = ADC7338B1D68908F00296449;
			remoteInfo = "tpg offline";
		};
		ADC734721D6890EF00296449 /* PBXContainerItemProxy */ = {
			isa = PBXContainerItemProxy;
			containerPortal = ADC733841D68908F00296449 /* Project object */;
			proxyType = 1;
			remoteGlobalIDString = ADC7346F1D6890EF00296449;
			remoteInfo = "tpg offline Watch Extension";
		};
		ADC734801D6890EF00296449 /* PBXContainerItemProxy */ = {
			isa = PBXContainerItemProxy;
			containerPortal = ADC733841D68908F00296449 /* Project object */;
			proxyType = 1;
			remoteGlobalIDString = ADC734631D6890EF00296449;
			remoteInfo = "tpg offline Watch";
		};
/* End PBXContainerItemProxy section */

/* Begin PBXCopyFilesBuildPhase section */
		AD500A611E0C79FB00253121 /* Embed App Extensions */ = {
			isa = PBXCopyFilesBuildPhase;
			buildActionMask = 2147483647;
			dstPath = "";
			dstSubfolderSpec = 13;
			files = (
			);
			name = "Embed App Extensions";
			runOnlyForDeploymentPostprocessing = 0;
		};
		ADC734861D6890EF00296449 /* Embed App Extensions */ = {
			isa = PBXCopyFilesBuildPhase;
			buildActionMask = 2147483647;
			dstPath = "";
			dstSubfolderSpec = 13;
			files = (
				ADC734711D6890EF00296449 /* tpg offline Watch Extension.appex in Embed App Extensions */,
			);
			name = "Embed App Extensions";
			runOnlyForDeploymentPostprocessing = 0;
		};
		ADC7348A1D6890EF00296449 /* Embed Watch Content */ = {
			isa = PBXCopyFilesBuildPhase;
			buildActionMask = 2147483647;
			dstPath = "$(CONTENTS_FOLDER_PATH)/Watch";
			dstSubfolderSpec = 16;
			files = (
				ADC734821D6890EF00296449 /* tpg offline Watch.app in Embed Watch Content */,
			);
			name = "Embed Watch Content";
			runOnlyForDeploymentPostprocessing = 0;
		};
/* End PBXCopyFilesBuildPhase section */

/* Begin PBXFileReference section */
		AD087F8C1DC1FAC100E51CB1 /* en */ = {isa = PBXFileReference; lastKnownFileType = text.plist.strings; name = en; path = en.lproj/Interface.strings; sourceTree = "<group>"; };
		AD087F8D1DC1FAC300E51CB1 /* fr */ = {isa = PBXFileReference; lastKnownFileType = text.plist.strings; name = fr; path = fr.lproj/Interface.strings; sourceTree = "<group>"; };
		AD1BE0031DBE3222008F33A3 /* SplashScreenViewController.swift */ = {isa = PBXFileReference; fileEncoding = 4; lastKnownFileType = sourcecode.swift; path = SplashScreenViewController.swift; sourceTree = "<group>"; };
		AD21622B1DBCE4EC009801B9 /* Alamofire.framework */ = {isa = PBXFileReference; lastKnownFileType = wrapper.framework; name = Alamofire.framework; path = Carthage/Build/iOS/Alamofire.framework; sourceTree = "<group>"; };
		AD2162331DBCE809009801B9 /* Base */ = {isa = PBXFileReference; lastKnownFileType = file.storyboard; name = Base; path = Base.lproj/Incidents.storyboard; sourceTree = "<group>"; };
		AD2162381DBCE8C8009801B9 /* Base */ = {isa = PBXFileReference; lastKnownFileType = file.storyboard; name = Base; path = Base.lproj/Settings.storyboard; sourceTree = "<group>"; };
		AD38A66B1E74D0EF0022C6F2 /* TKSwitcherCollection.framework */ = {isa = PBXFileReference; lastKnownFileType = wrapper.framework; name = TKSwitcherCollection.framework; path = Carthage/Build/iOS/TKSwitcherCollection.framework; sourceTree = "<group>"; };
		AD38A6771E74EE360022C6F2 /* Base */ = {isa = PBXFileReference; lastKnownFileType = text.plist.strings; name = Base; path = Base.lproj/InfoPlist.strings; sourceTree = "<group>"; };
		AD38A6791E74EE3A0022C6F2 /* en */ = {isa = PBXFileReference; lastKnownFileType = text.plist.strings; name = en; path = en.lproj/InfoPlist.strings; sourceTree = "<group>"; };
		AD38A67A1E74EE3B0022C6F2 /* fr */ = {isa = PBXFileReference; lastKnownFileType = text.plist.strings; name = fr; path = fr.lproj/InfoPlist.strings; sourceTree = "<group>"; };
		AD4F2EC21DBA7534008DE615 /* FontAwesome.otf */ = {isa = PBXFileReference; lastKnownFileType = file; path = FontAwesome.otf; sourceTree = "<group>"; };
		AD500A521E0C79FB00253121 /* NotificationCenter.framework */ = {isa = PBXFileReference; lastKnownFileType = wrapper.framework; name = NotificationCenter.framework; path = System/Library/Frameworks/NotificationCenter.framework; sourceTree = SDKROOT; };
		AD5268251E6CA76B00A27F84 /* AKPickerView.framework */ = {isa = PBXFileReference; lastKnownFileType = wrapper.framework; name = AKPickerView.framework; path = Carthage/Build/iOS/AKPickerView.framework; sourceTree = "<group>"; };
		AD5268271E6CA78A00A27F84 /* DGElasticPullToRefresh.framework */ = {isa = PBXFileReference; lastKnownFileType = wrapper.framework; name = DGElasticPullToRefresh.framework; path = Carthage/Build/iOS/DGElasticPullToRefresh.framework; sourceTree = "<group>"; };
		AD5268291E6CAA6E00A27F84 /* DGRunkeeperSwitch.framework */ = {isa = PBXFileReference; lastKnownFileType = wrapper.framework; name = DGRunkeeperSwitch.framework; path = Carthage/Build/iOS/DGRunkeeperSwitch.framework; sourceTree = "<group>"; };
		AD52682B1E6CAF2D00A27F84 /* NVActivityIndicatorView.framework */ = {isa = PBXFileReference; lastKnownFileType = wrapper.framework; name = NVActivityIndicatorView.framework; path = Carthage/Build/iOS/NVActivityIndicatorView.framework; sourceTree = "<group>"; };
		AD62DD3A1D7C5E9200B2CA86 /* en */ = {isa = PBXFileReference; lastKnownFileType = text.plist.strings; name = en; path = en.lproj/LaunchScreen.strings; sourceTree = "<group>"; };
		AD62DD3B1D7C5E9400B2CA86 /* fr */ = {isa = PBXFileReference; lastKnownFileType = text.plist.strings; name = fr; path = fr.lproj/LaunchScreen.strings; sourceTree = "<group>"; };
		AD62DD3C1D7C6A8100B2CA86 /* DeparturesInterfaceController.swift */ = {isa = PBXFileReference; fileEncoding = 4; lastKnownFileType = sourcecode.swift; path = DeparturesInterfaceController.swift; sourceTree = "<group>"; };
		AD62DD3D1D7C6A8100B2CA86 /* DeparturesRowController.swift */ = {isa = PBXFileReference; fileEncoding = 4; lastKnownFileType = sourcecode.swift; path = DeparturesRowController.swift; sourceTree = "<group>"; };
		AD62DD3F1D7C6A8100B2CA86 /* StopsInterfaceController.swift */ = {isa = PBXFileReference; fileEncoding = 4; lastKnownFileType = sourcecode.swift; path = StopsInterfaceController.swift; sourceTree = "<group>"; };
		AD62DD401D7C6A8100B2CA86 /* StopsRowController.swift */ = {isa = PBXFileReference; fileEncoding = 4; lastKnownFileType = sourcecode.swift; path = StopsRowController.swift; sourceTree = "<group>"; };
		AD62DD451D7C6B1900B2CA86 /* WatchSessionManager.swift */ = {isa = PBXFileReference; fileEncoding = 4; lastKnownFileType = sourcecode.swift; path = WatchSessionManager.swift; sourceTree = "<group>"; };
		AD62DD471D7C6B4200B2CA86 /* AppValues.swift */ = {isa = PBXFileReference; fileEncoding = 4; lastKnownFileType = sourcecode.swift; path = AppValues.swift; sourceTree = "<group>"; };
		AD63838B1E7485E000213C48 /* SwiftyJSON.framework */ = {isa = PBXFileReference; lastKnownFileType = wrapper.framework; name = SwiftyJSON.framework; path = Carthage/Build/watchOS/SwiftyJSON.framework; sourceTree = "<group>"; };
		AD63838D1E74869500213C48 /* SwiftLocation.framework */ = {isa = PBXFileReference; lastKnownFileType = wrapper.framework; name = SwiftLocation.framework; path = Carthage/Build/iOS/SwiftLocation.framework; sourceTree = "<group>"; };
		AD63838F1E7486B200213C48 /* SwiftyJSON.framework */ = {isa = PBXFileReference; lastKnownFileType = wrapper.framework; name = SwiftyJSON.framework; path = Carthage/Build/iOS/SwiftyJSON.framework; sourceTree = "<group>"; };
		AD6383911E74896300213C48 /* VHUD.framework */ = {isa = PBXFileReference; lastKnownFileType = wrapper.framework; name = VHUD.framework; path = Carthage/Build/iOS/VHUD.framework; sourceTree = "<group>"; };
		AD6383971E7492D900213C48 /* Info.plist */ = {isa = PBXFileReference; fileEncoding = 4; lastKnownFileType = text.plist.xml; path = Info.plist; sourceTree = "<group>"; };
		AD6383991E74BA3200213C48 /* FilterDeparturesTableViewController.swift */ = {isa = PBXFileReference; fileEncoding = 4; lastKnownFileType = sourcecode.swift; path = FilterDeparturesTableViewController.swift; sourceTree = "<group>"; };
		AD6F205F1D6898C800DEF1F0 /* FontAwesomeKit.framework */ = {isa = PBXFileReference; lastKnownFileType = wrapper.framework; name = FontAwesomeKit.framework; path = Carthage/Build/iOS/FontAwesomeKit.framework; sourceTree = "<group>"; };
		AD834B291E6E0DAE0028C38D /* SCLAlertView.framework */ = {isa = PBXFileReference; lastKnownFileType = wrapper.framework; name = SCLAlertView.framework; path = Carthage/Build/iOS/SCLAlertView.framework; sourceTree = "<group>"; };
		AD8924981D84479D00F5FC20 /* Info.plist */ = {isa = PBXFileReference; fileEncoding = 4; lastKnownFileType = text.plist.xml; name = Info.plist; path = "tpg offline UITests/Info.plist"; sourceTree = SOURCE_ROOT; };
		AD8924991D84479D00F5FC20 /* SnapshotHelper.swift */ = {isa = PBXFileReference; fileEncoding = 4; lastKnownFileType = sourcecode.swift; name = SnapshotHelper.swift; path = "tpg offline UITests/SnapshotHelper.swift"; sourceTree = SOURCE_ROOT; };
		AD89249A1D84479D00F5FC20 /* tpg_offline_UITests.swift */ = {isa = PBXFileReference; fileEncoding = 4; lastKnownFileType = sourcecode.swift; name = tpg_offline_UITests.swift; path = "tpg offline UITests/tpg_offline_UITests.swift"; sourceTree = SOURCE_ROOT; };
		AD8C46511E016211002C7143 /* tpg offline.entitlements */ = {isa = PBXFileReference; lastKnownFileType = text.plist.entitlements; path = "tpg offline.entitlements"; sourceTree = "<group>"; };
		AD90EA321E2461BC0015D735 /* Roboto-Thin.ttf */ = {isa = PBXFileReference; lastKnownFileType = file; path = "Roboto-Thin.ttf"; sourceTree = "<group>"; };
		AD90EA341E2462120015D735 /* Roboto-Light.ttf */ = {isa = PBXFileReference; lastKnownFileType = file; path = "Roboto-Light.ttf"; sourceTree = "<group>"; };
		AD9A8C461DC230AE0021C7CD /* Base */ = {isa = PBXFileReference; lastKnownFileType = file.storyboard; name = Base; path = Base.lproj/Routes.storyboard; sourceTree = "<group>"; };
		AD9A8C491DC230B80021C7CD /* en */ = {isa = PBXFileReference; lastKnownFileType = text.plist.strings; name = en; path = en.lproj/Routes.strings; sourceTree = "<group>"; };
		AD9A8C4B1DC230BC0021C7CD /* fr */ = {isa = PBXFileReference; lastKnownFileType = text.plist.strings; name = fr; path = fr.lproj/Routes.strings; sourceTree = "<group>"; };
		AD9A8C4D1DC230C80021C7CD /* en */ = {isa = PBXFileReference; lastKnownFileType = text.plist.strings; name = en; path = en.lproj/Settings.strings; sourceTree = "<group>"; };
		AD9A8C4F1DC230DB0021C7CD /* fr */ = {isa = PBXFileReference; lastKnownFileType = text.plist.strings; name = fr; path = fr.lproj/Settings.strings; sourceTree = "<group>"; };
		AD9A8C511DC230E90021C7CD /* Base */ = {isa = PBXFileReference; lastKnownFileType = file.storyboard; name = Base; path = Base.lproj/Maps.storyboard; sourceTree = "<group>"; };
		AD9A8C541DC230ED0021C7CD /* en */ = {isa = PBXFileReference; lastKnownFileType = text.plist.strings; name = en; path = en.lproj/Maps.strings; sourceTree = "<group>"; };
		AD9A8C561DC230F20021C7CD /* fr */ = {isa = PBXFileReference; lastKnownFileType = text.plist.strings; name = fr; path = fr.lproj/Maps.strings; sourceTree = "<group>"; };
		AD9A8C581DC230FD0021C7CD /* en */ = {isa = PBXFileReference; lastKnownFileType = text.plist.strings; name = en; path = en.lproj/Incidents.strings; sourceTree = "<group>"; };
		AD9A8C5A1DC231010021C7CD /* fr */ = {isa = PBXFileReference; lastKnownFileType = text.plist.strings; name = fr; path = fr.lproj/Incidents.strings; sourceTree = "<group>"; };
		AD9A8C5C1DC231080021C7CD /* Base */ = {isa = PBXFileReference; lastKnownFileType = file.storyboard; name = Base; path = Base.lproj/Departures.storyboard; sourceTree = "<group>"; };
		AD9A8C5F1DC2310E0021C7CD /* en */ = {isa = PBXFileReference; lastKnownFileType = text.plist.strings; name = en; path = en.lproj/Departures.strings; sourceTree = "<group>"; };
		AD9A8C611DC231120021C7CD /* fr */ = {isa = PBXFileReference; lastKnownFileType = text.plist.strings; name = fr; path = fr.lproj/Departures.strings; sourceTree = "<group>"; };
		AD9A8C621DC2323C0021C7CD /* Alamofire.framework */ = {isa = PBXFileReference; lastKnownFileType = wrapper.framework; name = Alamofire.framework; path = Carthage/Build/watchOS/Alamofire.framework; sourceTree = "<group>"; };
		ADA4686E1E054BAD00FEA198 /* GoogleService-Info.plist */ = {isa = PBXFileReference; fileEncoding = 4; lastKnownFileType = text.plist.xml; path = "GoogleService-Info.plist"; sourceTree = "<group>"; };
		ADA4688A1E054E9800FEA198 /* module.modulemap */ = {isa = PBXFileReference; fileEncoding = 4; lastKnownFileType = "sourcecode.module-map"; path = module.modulemap; sourceTree = "<group>"; };
		ADA4688B1E054EAE00FEA198 /* Firebase.h */ = {isa = PBXFileReference; fileEncoding = 4; lastKnownFileType = sourcecode.c.h; path = Firebase.h; sourceTree = "<group>"; };
		ADA469341E05568C00FEA198 /* FirebaseAnalytics.framework */ = {isa = PBXFileReference; lastKnownFileType = wrapper.framework; path = FirebaseAnalytics.framework; sourceTree = "<group>"; };
		ADA469361E05569300FEA198 /* FirebaseCore.framework */ = {isa = PBXFileReference; lastKnownFileType = wrapper.framework; path = FirebaseCore.framework; sourceTree = "<group>"; };
		ADA469381E05569700FEA198 /* FirebaseCrash.framework */ = {isa = PBXFileReference; lastKnownFileType = wrapper.framework; path = FirebaseCrash.framework; sourceTree = "<group>"; };
		ADA4693A1E05569D00FEA198 /* FirebaseInstanceID.framework */ = {isa = PBXFileReference; lastKnownFileType = wrapper.framework; path = FirebaseInstanceID.framework; sourceTree = "<group>"; };
		ADA4693C1E0556A200FEA198 /* FirebaseMessaging.framework */ = {isa = PBXFileReference; lastKnownFileType = wrapper.framework; path = FirebaseMessaging.framework; sourceTree = "<group>"; };
		ADA4693E1E0556AE00FEA198 /* GoogleInterchangeUtilities.framework */ = {isa = PBXFileReference; lastKnownFileType = wrapper.framework; path = GoogleInterchangeUtilities.framework; sourceTree = "<group>"; };
		ADA469401E0556B600FEA198 /* GoogleSymbolUtilities.framework */ = {isa = PBXFileReference; lastKnownFileType = wrapper.framework; path = GoogleSymbolUtilities.framework; sourceTree = "<group>"; };
		ADA469421E0556BB00FEA198 /* GoogleToolboxForMac.framework */ = {isa = PBXFileReference; lastKnownFileType = wrapper.framework; path = GoogleToolboxForMac.framework; sourceTree = "<group>"; };
		ADA469441E0556E700FEA198 /* libicucore.tbd */ = {isa = PBXFileReference; lastKnownFileType = "sourcecode.text-based-dylib-definition"; name = libicucore.tbd; path = usr/lib/libicucore.tbd; sourceTree = SDKROOT; };
		ADBA28701DC0ABA8002E28AD /* ReminderInterfaceController.swift */ = {isa = PBXFileReference; fileEncoding = 4; lastKnownFileType = sourcecode.swift; path = ReminderInterfaceController.swift; sourceTree = "<group>"; };
		ADC7338C1D68908F00296449 /* tpg offline.app */ = {isa = PBXFileReference; explicitFileType = wrapper.application; includeInIndex = 0; path = "tpg offline.app"; sourceTree = BUILT_PRODUCTS_DIR; };
		ADC733A01D68908F00296449 /* tpg offlineUITests.xctest */ = {isa = PBXFileReference; explicitFileType = wrapper.cfbundle; includeInIndex = 0; path = "tpg offlineUITests.xctest"; sourceTree = BUILT_PRODUCTS_DIR; };
		ADC733B11D6890C500296449 /* AppValues.swift */ = {isa = PBXFileReference; fileEncoding = 4; lastKnownFileType = sourcecode.swift; path = AppValues.swift; sourceTree = "<group>"; };
		ADC733B71D6890C500296449 /* Departures.swift */ = {isa = PBXFileReference; fileEncoding = 4; lastKnownFileType = sourcecode.swift; path = Departures.swift; sourceTree = "<group>"; };
		ADC733B91D6890C500296449 /* Perturbations.swift */ = {isa = PBXFileReference; fileEncoding = 4; lastKnownFileType = sourcecode.swift; path = Perturbations.swift; sourceTree = "<group>"; };
		ADC733BA1D6890C500296449 /* Route.swift */ = {isa = PBXFileReference; fileEncoding = 4; lastKnownFileType = sourcecode.swift; path = Route.swift; sourceTree = "<group>"; };
		ADC733BB1D6890C500296449 /* RoutesConnections.swift */ = {isa = PBXFileReference; fileEncoding = 4; lastKnownFileType = sourcecode.swift; path = RoutesConnections.swift; sourceTree = "<group>"; };
		ADC733BC1D6890C500296449 /* SearchRoute.swift */ = {isa = PBXFileReference; fileEncoding = 4; lastKnownFileType = sourcecode.swift; path = SearchRoute.swift; sourceTree = "<group>"; };
		ADC733BD1D6890C500296449 /* Stop.swift */ = {isa = PBXFileReference; fileEncoding = 4; lastKnownFileType = sourcecode.swift; path = Stop.swift; sourceTree = "<group>"; };
		ADC733BE1D6890C500296449 /* Thermometer.swift */ = {isa = PBXFileReference; fileEncoding = 4; lastKnownFileType = sourcecode.swift; path = Thermometer.swift; sourceTree = "<group>"; };
		ADC733C01D6890C500296449 /* WatchSessionManager.swift */ = {isa = PBXFileReference; fileEncoding = 4; lastKnownFileType = sourcecode.swift; path = WatchSessionManager.swift; sourceTree = "<group>"; };
		ADC733C21D6890C500296449 /* AllDeparturesCollectionViewCell.swift */ = {isa = PBXFileReference; fileEncoding = 4; lastKnownFileType = sourcecode.swift; path = AllDeparturesCollectionViewCell.swift; sourceTree = "<group>"; };
		ADC733C31D6890C500296449 /* ButtonCollectionViewCell.swift */ = {isa = PBXFileReference; fileEncoding = 4; lastKnownFileType = sourcecode.swift; path = ButtonCollectionViewCell.swift; sourceTree = "<group>"; };
		ADC733C41D6890C500296449 /* DeparturesTableViewCell.swift */ = {isa = PBXFileReference; fileEncoding = 4; lastKnownFileType = sourcecode.swift; path = DeparturesTableViewCell.swift; sourceTree = "<group>"; };
		ADC733C51D6890C500296449 /* DetailRouteTableViewCell.swift */ = {isa = PBXFileReference; fileEncoding = 4; lastKnownFileType = sourcecode.swift; path = DetailRouteTableViewCell.swift; sourceTree = "<group>"; };
		ADC733C61D6890C500296449 /* FavoriteRouteTableViewCell.swift */ = {isa = PBXFileReference; fileEncoding = 4; lastKnownFileType = sourcecode.swift; path = FavoriteRouteTableViewCell.swift; sourceTree = "<group>"; };
		ADC733C71D6890C500296449 /* LoadingCellTableViewCell.swift */ = {isa = PBXFileReference; fileEncoding = 4; lastKnownFileType = sourcecode.swift; path = LoadingCellTableViewCell.swift; sourceTree = "<group>"; };
		ADC733C81D6890C500296449 /* RoutesListTableViewCell.swift */ = {isa = PBXFileReference; fileEncoding = 4; lastKnownFileType = sourcecode.swift; path = RoutesListTableViewCell.swift; sourceTree = "<group>"; };
		ADC733C91D6890C500296449 /* SeeLineTableViewCell.swift */ = {isa = PBXFileReference; fileEncoding = 4; lastKnownFileType = sourcecode.swift; path = SeeLineTableViewCell.swift; sourceTree = "<group>"; };
		ADC733CA1D6890C500296449 /* StopImageTableViewCell.swift */ = {isa = PBXFileReference; fileEncoding = 4; lastKnownFileType = sourcecode.swift; path = StopImageTableViewCell.swift; sourceTree = "<group>"; };
		ADC733CB1D6890C500296449 /* SwitchTableViewCell.swift */ = {isa = PBXFileReference; fileEncoding = 4; lastKnownFileType = sourcecode.swift; path = SwitchTableViewCell.swift; sourceTree = "<group>"; };
		ADC733CC1D6890C500296449 /* ThemeCollectionViewCell.swift */ = {isa = PBXFileReference; fileEncoding = 4; lastKnownFileType = sourcecode.swift; path = ThemeCollectionViewCell.swift; sourceTree = "<group>"; };
		ADC733CE1D6890C500296449 /* DeparturesTableViewController.swift */ = {isa = PBXFileReference; fileEncoding = 4; lastKnownFileType = sourcecode.swift; path = DeparturesTableViewController.swift; sourceTree = "<group>"; };
		ADC733CF1D6890C500296449 /* RouteToStopViewController.swift */ = {isa = PBXFileReference; fileEncoding = 4; lastKnownFileType = sourcecode.swift; path = RouteToStopViewController.swift; sourceTree = "<group>"; };
		ADC733D01D6890C500296449 /* SeeAllDeparturesViewController.swift */ = {isa = PBXFileReference; fileEncoding = 4; lastKnownFileType = sourcecode.swift; path = SeeAllDeparturesViewController.swift; sourceTree = "<group>"; };
		ADC733D11D6890C500296449 /* StopsTableViewController.swift */ = {isa = PBXFileReference; fileEncoding = 4; lastKnownFileType = sourcecode.swift; path = StopsTableViewController.swift; sourceTree = "<group>"; };
		ADC733D21D6890C500296449 /* ThermometerTableViewController.swift */ = {isa = PBXFileReference; fileEncoding = 4; lastKnownFileType = sourcecode.swift; path = ThermometerTableViewController.swift; sourceTree = "<group>"; };
		ADC733D61D6890C500296449 /* NSUserDefaultsExtension.swift */ = {isa = PBXFileReference; fileEncoding = 4; lastKnownFileType = sourcecode.swift; path = NSUserDefaultsExtension.swift; sourceTree = "<group>"; };
		ADC733D71D6890C500296449 /* UIKitExtension.swift */ = {isa = PBXFileReference; fileEncoding = 4; lastKnownFileType = sourcecode.swift; path = UIKitExtension.swift; sourceTree = "<group>"; };
		ADC733EF1D6890C500296449 /* IncidentsTableViewController.swift */ = {isa = PBXFileReference; fileEncoding = 4; lastKnownFileType = sourcecode.swift; path = IncidentsTableViewController.swift; sourceTree = "<group>"; };
		ADC733F11D6890C500296449 /* MapsListTableViewController.swift */ = {isa = PBXFileReference; fileEncoding = 4; lastKnownFileType = sourcecode.swift; path = MapsListTableViewController.swift; sourceTree = "<group>"; };
		ADC733F21D6890C500296449 /* MapViewController.swift */ = {isa = PBXFileReference; fileEncoding = 4; lastKnownFileType = sourcecode.swift; path = MapViewController.swift; sourceTree = "<group>"; };
		ADC733F41D6890C500296449 /* stops.json */ = {isa = PBXFileReference; fileEncoding = 4; lastKnownFileType = text.json; path = stops.json; sourceTree = "<group>"; };
		ADC733F61D6890C500296449 /* Base */ = {isa = PBXFileReference; lastKnownFileType = text.plist.strings; name = Base; path = Base.lproj/Localizable.strings; sourceTree = "<group>"; };
		ADC733F71D6890C500296449 /* Bel-Air.gpx */ = {isa = PBXFileReference; fileEncoding = 4; lastKnownFileType = text.xml; path = "Bel-Air.gpx"; sourceTree = "<group>"; };
		ADC733F81D6890C500296449 /* colorLines.json */ = {isa = PBXFileReference; fileEncoding = 4; lastKnownFileType = text.json; path = colorLines.json; sourceTree = "<group>"; };
		ADC733F91D6890C500296449 /* en */ = {isa = PBXFileReference; lastKnownFileType = text.plist.strings; name = en; path = en.lproj/Localizable.strings; sourceTree = "<group>"; };
		ADC733FA1D6890C500296449 /* fr */ = {isa = PBXFileReference; lastKnownFileType = text.plist.strings; name = fr; path = fr.lproj/Localizable.strings; sourceTree = "<group>"; };
		ADC733FC1D6890C500296449 /* ionicons.ttf */ = {isa = PBXFileReference; lastKnownFileType = file; path = ionicons.ttf; sourceTree = "<group>"; };
		ADC733FD1D6890C500296449 /* tpg offline-Bridging-Header.h */ = {isa = PBXFileReference; fileEncoding = 4; lastKnownFileType = sourcecode.c.h; path = "tpg offline-Bridging-Header.h"; sourceTree = "<group>"; };
		ADC733FE1D6890C500296449 /* tpg offline.geojson */ = {isa = PBXFileReference; fileEncoding = 4; lastKnownFileType = text; path = "tpg offline.geojson"; sourceTree = "<group>"; };
		ADC734001D6890C500296449 /* CalendarSelectionViewController.swift */ = {isa = PBXFileReference; fileEncoding = 4; lastKnownFileType = sourcecode.swift; path = CalendarSelectionViewController.swift; sourceTree = "<group>"; };
		ADC734011D6890C500296449 /* RouteDetailTableViewController.swift */ = {isa = PBXFileReference; fileEncoding = 4; lastKnownFileType = sourcecode.swift; path = RouteDetailTableViewController.swift; sourceTree = "<group>"; };
		ADC734021D6890C500296449 /* RoutesListTableViewController.swift */ = {isa = PBXFileReference; fileEncoding = 4; lastKnownFileType = sourcecode.swift; path = RoutesListTableViewController.swift; sourceTree = "<group>"; };
		ADC734031D6890C500296449 /* RoutesStopsTableViewController.swift */ = {isa = PBXFileReference; fileEncoding = 4; lastKnownFileType = sourcecode.swift; path = RoutesStopsTableViewController.swift; sourceTree = "<group>"; };
		ADC734041D6890C500296449 /* RoutesTableViewController.swift */ = {isa = PBXFileReference; fileEncoding = 4; lastKnownFileType = sourcecode.swift; path = RoutesTableViewController.swift; sourceTree = "<group>"; };
		ADC734051D6890C500296449 /* TimeSelectionViewController.swift */ = {isa = PBXFileReference; fileEncoding = 4; lastKnownFileType = sourcecode.swift; path = TimeSelectionViewController.swift; sourceTree = "<group>"; };
		ADC734071D6890C500296449 /* CreditsTableViewController.swift */ = {isa = PBXFileReference; fileEncoding = 4; lastKnownFileType = sourcecode.swift; path = CreditsTableViewController.swift; sourceTree = "<group>"; };
		ADC734081D6890C500296449 /* LocationSettingsTableViewController.swift */ = {isa = PBXFileReference; fileEncoding = 4; lastKnownFileType = sourcecode.swift; path = LocationSettingsTableViewController.swift; sourceTree = "<group>"; };
		ADC734091D6890C500296449 /* SelectDefaultTabBarItem.swift */ = {isa = PBXFileReference; fileEncoding = 4; lastKnownFileType = sourcecode.swift; path = SelectDefaultTabBarItem.swift; sourceTree = "<group>"; };
		ADC7340A1D6890C500296449 /* SettingsTableViewController.swift */ = {isa = PBXFileReference; fileEncoding = 4; lastKnownFileType = sourcecode.swift; path = SettingsTableViewController.swift; sourceTree = "<group>"; };
		ADC7340B1D6890C500296449 /* ThemesCollectionViewController.swift */ = {isa = PBXFileReference; fileEncoding = 4; lastKnownFileType = sourcecode.swift; path = ThemesCollectionViewController.swift; sourceTree = "<group>"; };
		ADC7340C1D6890C500296449 /* WebViewController.swift */ = {isa = PBXFileReference; fileEncoding = 4; lastKnownFileType = sourcecode.swift; path = WebViewController.swift; sourceTree = "<group>"; };
		ADC7340E1D6890C500296449 /* Assets.xcassets */ = {isa = PBXFileReference; lastKnownFileType = folder.assetcatalog; path = Assets.xcassets; sourceTree = "<group>"; };
		ADC734101D6890C500296449 /* Base */ = {isa = PBXFileReference; lastKnownFileType = file.storyboard; name = Base; path = Base.lproj/LaunchScreen.storyboard; sourceTree = "<group>"; };
		ADC734121D6890C500296449 /* Base */ = {isa = PBXFileReference; lastKnownFileType = file.storyboard; name = Base; path = Base.lproj/Main.storyboard; sourceTree = "<group>"; };
		ADC734641D6890EF00296449 /* tpg offline Watch.app */ = {isa = PBXFileReference; explicitFileType = wrapper.application; includeInIndex = 0; path = "tpg offline Watch.app"; sourceTree = BUILT_PRODUCTS_DIR; };
		ADC734671D6890EF00296449 /* Base */ = {isa = PBXFileReference; lastKnownFileType = file.storyboard; name = Base; path = Base.lproj/Interface.storyboard; sourceTree = "<group>"; };
		ADC734691D6890EF00296449 /* Assets.xcassets */ = {isa = PBXFileReference; lastKnownFileType = folder.assetcatalog; path = Assets.xcassets; sourceTree = "<group>"; };
		ADC7346B1D6890EF00296449 /* Info.plist */ = {isa = PBXFileReference; lastKnownFileType = text.plist.xml; path = Info.plist; sourceTree = "<group>"; };
		ADC734701D6890EF00296449 /* tpg offline Watch Extension.appex */ = {isa = PBXFileReference; explicitFileType = "wrapper.app-extension"; includeInIndex = 0; path = "tpg offline Watch Extension.appex"; sourceTree = BUILT_PRODUCTS_DIR; };
		ADC734761D6890EF00296449 /* PushNotificationPayload.apns */ = {isa = PBXFileReference; lastKnownFileType = text; path = PushNotificationPayload.apns; sourceTree = "<group>"; };
		ADC734791D6890EF00296449 /* ExtensionDelegate.swift */ = {isa = PBXFileReference; lastKnownFileType = sourcecode.swift; path = ExtensionDelegate.swift; sourceTree = "<group>"; };
		ADC7347B1D6890EF00296449 /* NotificationController.swift */ = {isa = PBXFileReference; lastKnownFileType = sourcecode.swift; path = NotificationController.swift; sourceTree = "<group>"; };
		ADC7347D1D6890EF00296449 /* Assets.xcassets */ = {isa = PBXFileReference; lastKnownFileType = folder.assetcatalog; path = Assets.xcassets; sourceTree = "<group>"; };
		ADC7347F1D6890EF00296449 /* Info.plist */ = {isa = PBXFileReference; lastKnownFileType = text.plist.xml; path = Info.plist; sourceTree = "<group>"; };
		ADC734941D68917D00296449 /* FSCalendar.framework */ = {isa = PBXFileReference; lastKnownFileType = wrapper.framework; name = FSCalendar.framework; path = Carthage/Build/iOS/FSCalendar.framework; sourceTree = "<group>"; };
		ADC734981D68918500296449 /* Onboard.framework */ = {isa = PBXFileReference; lastKnownFileType = wrapper.framework; name = Onboard.framework; path = Carthage/Build/iOS/Onboard.framework; sourceTree = "<group>"; };
		ADE240C31DB7BA6D0040EBE2 /* AppDelegate.swift */ = {isa = PBXFileReference; fileEncoding = 4; lastKnownFileType = sourcecode.swift; path = AppDelegate.swift; sourceTree = "<group>"; };
		ADF767581D7C5E3D00B6C0B4 /* en */ = {isa = PBXFileReference; lastKnownFileType = text.plist.strings; name = en; path = en.lproj/Main.strings; sourceTree = "<group>"; };
		ADF767591D7C5E4000B6C0B4 /* fr */ = {isa = PBXFileReference; lastKnownFileType = text.plist.strings; name = fr; path = fr.lproj/Main.strings; sourceTree = "<group>"; };
		ADFAA28F1E72370A00C85F87 /* ItineraryCellCollectionViewCell.swift */ = {isa = PBXFileReference; fileEncoding = 4; lastKnownFileType = sourcecode.swift; path = ItineraryCellCollectionViewCell.swift; sourceTree = "<group>"; };
		ADFAA2911E723CF200C85F87 /* HeaderCollectionView.swift */ = {isa = PBXFileReference; fileEncoding = 4; lastKnownFileType = sourcecode.swift; path = HeaderCollectionView.swift; sourceTree = "<group>"; };
		ADFB5E701DC2617A00BFFB10 /* Chameleon.framework */ = {isa = PBXFileReference; lastKnownFileType = wrapper.framework; name = Chameleon.framework; path = Carthage/Build/iOS/Chameleon.framework; sourceTree = "<group>"; };
		ADFCC1591DF8734700818CB5 /* UserDefaultsKeys.swift */ = {isa = PBXFileReference; fileEncoding = 4; lastKnownFileType = sourcecode.swift; path = UserDefaultsKeys.swift; sourceTree = "<group>"; };
/* End PBXFileReference section */

/* Begin PBXFrameworksBuildPhase section */
		ADC733891D68908F00296449 /* Frameworks */ = {
			isa = PBXFrameworksBuildPhase;
			buildActionMask = 2147483647;
			files = (
				ADA469451E0556E700FEA198 /* libicucore.tbd in Frameworks */,
				ADA469431E0556BB00FEA198 /* GoogleToolboxForMac.framework in Frameworks */,
				AD5268261E6CA76B00A27F84 /* AKPickerView.framework in Frameworks */,
				AD21622C1DBCE4EC009801B9 /* Alamofire.framework in Frameworks */,
				ADA469351E05568C00FEA198 /* FirebaseAnalytics.framework in Frameworks */,
				ADA4693B1E05569D00FEA198 /* FirebaseInstanceID.framework in Frameworks */,
				ADA469371E05569300FEA198 /* FirebaseCore.framework in Frameworks */,
				AD6383901E7486B200213C48 /* SwiftyJSON.framework in Frameworks */,
				AD52682C1E6CAF2D00A27F84 /* NVActivityIndicatorView.framework in Frameworks */,
				ADA469411E0556B600FEA198 /* GoogleSymbolUtilities.framework in Frameworks */,
				AD5268281E6CA78A00A27F84 /* DGElasticPullToRefresh.framework in Frameworks */,
				ADA4693D1E0556A200FEA198 /* FirebaseMessaging.framework in Frameworks */,
				AD834B2A1E6E0DAE0028C38D /* SCLAlertView.framework in Frameworks */,
				ADA4693F1E0556AE00FEA198 /* GoogleInterchangeUtilities.framework in Frameworks */,
				AD63838E1E74869500213C48 /* SwiftLocation.framework in Frameworks */,
				ADA469391E05569700FEA198 /* FirebaseCrash.framework in Frameworks */,
				AD6383921E74896300213C48 /* VHUD.framework in Frameworks */,
				AD52682A1E6CAA6E00A27F84 /* DGRunkeeperSwitch.framework in Frameworks */,
				ADC734951D68917D00296449 /* FSCalendar.framework in Frameworks */,
				ADC734991D68918500296449 /* Onboard.framework in Frameworks */,
			);
			runOnlyForDeploymentPostprocessing = 0;
		};
		ADC7339D1D68908F00296449 /* Frameworks */ = {
			isa = PBXFrameworksBuildPhase;
			buildActionMask = 2147483647;
			files = (
			);
			runOnlyForDeploymentPostprocessing = 0;
		};
		ADC7346D1D6890EF00296449 /* Frameworks */ = {
			isa = PBXFrameworksBuildPhase;
			buildActionMask = 2147483647;
			files = (
				AD9A8C631DC2323C0021C7CD /* Alamofire.framework in Frameworks */,
				AD63838C1E7485E000213C48 /* SwiftyJSON.framework in Frameworks */,
			);
			runOnlyForDeploymentPostprocessing = 0;
		};
/* End PBXFrameworksBuildPhase section */

/* Begin PBXGroup section */
		ADA4688C1E054FB500FEA198 /* Firebase */ = {
			isa = PBXGroup;
			children = (
				ADA469421E0556BB00FEA198 /* GoogleToolboxForMac.framework */,
				ADA469401E0556B600FEA198 /* GoogleSymbolUtilities.framework */,
				ADA4693E1E0556AE00FEA198 /* GoogleInterchangeUtilities.framework */,
				ADA4693C1E0556A200FEA198 /* FirebaseMessaging.framework */,
				ADA4693A1E05569D00FEA198 /* FirebaseInstanceID.framework */,
				ADA469381E05569700FEA198 /* FirebaseCrash.framework */,
				ADA469361E05569300FEA198 /* FirebaseCore.framework */,
				ADA469341E05568C00FEA198 /* FirebaseAnalytics.framework */,
			);
			path = Firebase;
			sourceTree = "<group>";
		};
		ADC733831D68908F00296449 = {
			isa = PBXGroup;
			children = (
				ADC7338E1D68908F00296449 /* tpg offline */,
				ADC733A31D68908F00296449 /* tpg offline UITests */,
				ADC734651D6890EF00296449 /* tpg offline Watch */,
				ADC734741D6890EF00296449 /* tpg offline Watch Extension */,
				ADC7338D1D68908F00296449 /* Products */,
				ADC7348B1D68916A00296449 /* Frameworks */,
			);
			sourceTree = "<group>";
		};
		ADC7338D1D68908F00296449 /* Products */ = {
			isa = PBXGroup;
			children = (
				ADC7338C1D68908F00296449 /* tpg offline.app */,
				ADC733A01D68908F00296449 /* tpg offlineUITests.xctest */,
				ADC734641D6890EF00296449 /* tpg offline Watch.app */,
				ADC734701D6890EF00296449 /* tpg offline Watch Extension.appex */,
			);
			name = Products;
			sourceTree = "<group>";
		};
		ADC7338E1D68908F00296449 /* tpg offline */ = {
			isa = PBXGroup;
			children = (
				AD8C46511E016211002C7143 /* tpg offline.entitlements */,
				ADC733AF1D6890C500296449 /* App */,
				ADC733C11D6890C500296449 /* Cells */,
				ADC733CD1D6890C500296449 /* Departures */,
				ADC733D31D6890C500296449 /* Extensions */,
				ADC733EE1D6890C500296449 /* Incidents */,
				ADC733F01D6890C500296449 /* Maps */,
				ADC733F31D6890C500296449 /* Project Requirements */,
				ADC733FF1D6890C500296449 /* Routes */,
				ADC734061D6890C500296449 /* Settings */,
				ADC7340D1D6890C500296449 /* UI */,
			);
			path = "tpg offline";
			sourceTree = "<group>";
		};
		ADC733A31D68908F00296449 /* tpg offline UITests */ = {
			isa = PBXGroup;
			children = (
				AD8924981D84479D00F5FC20 /* Info.plist */,
				AD8924991D84479D00F5FC20 /* SnapshotHelper.swift */,
				AD89249A1D84479D00F5FC20 /* tpg_offline_UITests.swift */,
			);
			name = "tpg offline UITests";
			path = "tpg offlineUITests";
			sourceTree = "<group>";
		};
		ADC733AF1D6890C500296449 /* App */ = {
			isa = PBXGroup;
			children = (
				ADE240C31DB7BA6D0040EBE2 /* AppDelegate.swift */,
				ADC733B11D6890C500296449 /* AppValues.swift */,
				ADC733B71D6890C500296449 /* Departures.swift */,
				ADC733B91D6890C500296449 /* Perturbations.swift */,
				ADC733BA1D6890C500296449 /* Route.swift */,
				ADC733BB1D6890C500296449 /* RoutesConnections.swift */,
				ADC733BC1D6890C500296449 /* SearchRoute.swift */,
				ADC733BD1D6890C500296449 /* Stop.swift */,
				ADC733BE1D6890C500296449 /* Thermometer.swift */,
				ADC733C01D6890C500296449 /* WatchSessionManager.swift */,
				AD1BE0031DBE3222008F33A3 /* SplashScreenViewController.swift */,
				ADFCC1591DF8734700818CB5 /* UserDefaultsKeys.swift */,
			);
			path = App;
			sourceTree = "<group>";
		};
		ADC733C11D6890C500296449 /* Cells */ = {
			isa = PBXGroup;
			children = (
				ADC733C21D6890C500296449 /* AllDeparturesCollectionViewCell.swift */,
				ADC733C31D6890C500296449 /* ButtonCollectionViewCell.swift */,
				ADC733C41D6890C500296449 /* DeparturesTableViewCell.swift */,
				ADC733C51D6890C500296449 /* DetailRouteTableViewCell.swift */,
				ADC733C61D6890C500296449 /* FavoriteRouteTableViewCell.swift */,
				ADC733C71D6890C500296449 /* LoadingCellTableViewCell.swift */,
				ADC733C81D6890C500296449 /* RoutesListTableViewCell.swift */,
				ADC733C91D6890C500296449 /* SeeLineTableViewCell.swift */,
				ADC733CA1D6890C500296449 /* StopImageTableViewCell.swift */,
				ADC733CB1D6890C500296449 /* SwitchTableViewCell.swift */,
				ADC733CC1D6890C500296449 /* ThemeCollectionViewCell.swift */,
				ADFAA28F1E72370A00C85F87 /* ItineraryCellCollectionViewCell.swift */,
				ADFAA2911E723CF200C85F87 /* HeaderCollectionView.swift */,
			);
			path = Cells;
			sourceTree = "<group>";
		};
		ADC733CD1D6890C500296449 /* Departures */ = {
			isa = PBXGroup;
			children = (
				ADC733CE1D6890C500296449 /* DeparturesTableViewController.swift */,
				ADC733CF1D6890C500296449 /* RouteToStopViewController.swift */,
				ADC733D01D6890C500296449 /* SeeAllDeparturesViewController.swift */,
				ADC733D11D6890C500296449 /* StopsTableViewController.swift */,
				ADC733D21D6890C500296449 /* ThermometerTableViewController.swift */,
				AD6383991E74BA3200213C48 /* FilterDeparturesTableViewController.swift */,
			);
			path = Departures;
			sourceTree = "<group>";
		};
		ADC733D31D6890C500296449 /* Extensions */ = {
			isa = PBXGroup;
			children = (
				ADC733D61D6890C500296449 /* NSUserDefaultsExtension.swift */,
				ADC733D71D6890C500296449 /* UIKitExtension.swift */,
			);
			path = Extensions;
			sourceTree = "<group>";
		};
		ADC733EE1D6890C500296449 /* Incidents */ = {
			isa = PBXGroup;
			children = (
				ADC733EF1D6890C500296449 /* IncidentsTableViewController.swift */,
			);
			path = Incidents;
			sourceTree = "<group>";
		};
		ADC733F01D6890C500296449 /* Maps */ = {
			isa = PBXGroup;
			children = (
				ADC733F11D6890C500296449 /* MapsListTableViewController.swift */,
				ADC733F21D6890C500296449 /* MapViewController.swift */,
			);
			path = Maps;
			sourceTree = "<group>";
		};
		ADC733F31D6890C500296449 /* Project Requirements */ = {
			isa = PBXGroup;
			children = (
				AD90EA341E2462120015D735 /* Roboto-Light.ttf */,
				AD90EA321E2461BC0015D735 /* Roboto-Thin.ttf */,
				ADA4686E1E054BAD00FEA198 /* GoogleService-Info.plist */,
				ADC733F41D6890C500296449 /* stops.json */,
				ADC733F51D6890C500296449 /* Localizable.strings */,
				ADA4688A1E054E9800FEA198 /* module.modulemap */,
				ADA4688B1E054EAE00FEA198 /* Firebase.h */,
				ADC733F71D6890C500296449 /* Bel-Air.gpx */,
				ADC733F81D6890C500296449 /* colorLines.json */,
				AD6383971E7492D900213C48 /* Info.plist */,
				ADC733FC1D6890C500296449 /* ionicons.ttf */,
				ADC733FD1D6890C500296449 /* tpg offline-Bridging-Header.h */,
				ADC733FE1D6890C500296449 /* tpg offline.geojson */,
				AD38A6781E74EE360022C6F2 /* InfoPlist.strings */,
			);
			path = "Project Requirements";
			sourceTree = "<group>";
		};
		ADC733FF1D6890C500296449 /* Routes */ = {
			isa = PBXGroup;
			children = (
				ADC734001D6890C500296449 /* CalendarSelectionViewController.swift */,
				ADC734011D6890C500296449 /* RouteDetailTableViewController.swift */,
				ADC734021D6890C500296449 /* RoutesListTableViewController.swift */,
				ADC734031D6890C500296449 /* RoutesStopsTableViewController.swift */,
				ADC734041D6890C500296449 /* RoutesTableViewController.swift */,
				ADC734051D6890C500296449 /* TimeSelectionViewController.swift */,
			);
			path = Routes;
			sourceTree = "<group>";
		};
		ADC734061D6890C500296449 /* Settings */ = {
			isa = PBXGroup;
			children = (
				ADC734071D6890C500296449 /* CreditsTableViewController.swift */,
				ADC734081D6890C500296449 /* LocationSettingsTableViewController.swift */,
				ADC734091D6890C500296449 /* SelectDefaultTabBarItem.swift */,
				ADC7340A1D6890C500296449 /* SettingsTableViewController.swift */,
				ADC7340B1D6890C500296449 /* ThemesCollectionViewController.swift */,
				ADC7340C1D6890C500296449 /* WebViewController.swift */,
			);
			path = Settings;
			sourceTree = "<group>";
		};
		ADC7340D1D6890C500296449 /* UI */ = {
			isa = PBXGroup;
			children = (
				ADC7340E1D6890C500296449 /* Assets.xcassets */,
				ADC7340F1D6890C500296449 /* LaunchScreen.storyboard */,
				ADC734111D6890C500296449 /* Main.storyboard */,
				AD9A8C471DC230AE0021C7CD /* Routes.storyboard */,
				AD2162371DBCE8C8009801B9 /* Settings.storyboard */,
				AD9A8C521DC230E90021C7CD /* Maps.storyboard */,
				AD2162321DBCE809009801B9 /* Incidents.storyboard */,
				AD9A8C5D1DC231080021C7CD /* Departures.storyboard */,
			);
			path = UI;
			sourceTree = "<group>";
		};
		ADC734651D6890EF00296449 /* tpg offline Watch */ = {
			isa = PBXGroup;
			children = (
				ADC734661D6890EF00296449 /* Interface.storyboard */,
				ADC734691D6890EF00296449 /* Assets.xcassets */,
				ADC7346B1D6890EF00296449 /* Info.plist */,
			);
			path = "tpg offline Watch";
			sourceTree = "<group>";
		};
		ADC734741D6890EF00296449 /* tpg offline Watch Extension */ = {
			isa = PBXGroup;
			children = (
				AD4F2EC21DBA7534008DE615 /* FontAwesome.otf */,
				AD62DD471D7C6B4200B2CA86 /* AppValues.swift */,
				ADC734791D6890EF00296449 /* ExtensionDelegate.swift */,
				AD62DD451D7C6B1900B2CA86 /* WatchSessionManager.swift */,
				ADC7347B1D6890EF00296449 /* NotificationController.swift */,
				AD62DD3C1D7C6A8100B2CA86 /* DeparturesInterfaceController.swift */,
				AD62DD3D1D7C6A8100B2CA86 /* DeparturesRowController.swift */,
				AD62DD3F1D7C6A8100B2CA86 /* StopsInterfaceController.swift */,
				AD62DD401D7C6A8100B2CA86 /* StopsRowController.swift */,
				ADBA28701DC0ABA8002E28AD /* ReminderInterfaceController.swift */,
				ADC7347D1D6890EF00296449 /* Assets.xcassets */,
				ADC7347F1D6890EF00296449 /* Info.plist */,
				ADC734751D6890EF00296449 /* Supporting Files */,
			);
			path = "tpg offline Watch Extension";
			sourceTree = "<group>";
		};
		ADC734751D6890EF00296449 /* Supporting Files */ = {
			isa = PBXGroup;
			children = (
				ADC734761D6890EF00296449 /* PushNotificationPayload.apns */,
			);
			name = "Supporting Files";
			sourceTree = "<group>";
		};
		ADC7348B1D68916A00296449 /* Frameworks */ = {
			isa = PBXGroup;
			children = (
				AD38A66B1E74D0EF0022C6F2 /* TKSwitcherCollection.framework */,
				AD6383911E74896300213C48 /* VHUD.framework */,
				AD63838F1E7486B200213C48 /* SwiftyJSON.framework */,
				AD63838D1E74869500213C48 /* SwiftLocation.framework */,
				AD63838B1E7485E000213C48 /* SwiftyJSON.framework */,
				AD834B291E6E0DAE0028C38D /* SCLAlertView.framework */,
				AD52682B1E6CAF2D00A27F84 /* NVActivityIndicatorView.framework */,
				AD5268291E6CAA6E00A27F84 /* DGRunkeeperSwitch.framework */,
				AD5268271E6CA78A00A27F84 /* DGElasticPullToRefresh.framework */,
				AD5268251E6CA76B00A27F84 /* AKPickerView.framework */,
				ADA469441E0556E700FEA198 /* libicucore.tbd */,
				ADA4688C1E054FB500FEA198 /* Firebase */,
				ADFB5E701DC2617A00BFFB10 /* Chameleon.framework */,
				AD9A8C621DC2323C0021C7CD /* Alamofire.framework */,
				AD21622B1DBCE4EC009801B9 /* Alamofire.framework */,
				AD6F205F1D6898C800DEF1F0 /* FontAwesomeKit.framework */,
				ADC734941D68917D00296449 /* FSCalendar.framework */,
				ADC734981D68918500296449 /* Onboard.framework */,
				AD500A521E0C79FB00253121 /* NotificationCenter.framework */,
			);
			name = Frameworks;
			sourceTree = "<group>";
		};
/* End PBXGroup section */

/* Begin PBXNativeTarget section */
		ADC7338B1D68908F00296449 /* tpg offline */ = {
			isa = PBXNativeTarget;
			buildConfigurationList = ADC733A91D68908F00296449 /* Build configuration list for PBXNativeTarget "tpg offline" */;
			buildPhases = (
				ADC733881D68908F00296449 /* Sources */,
				ADC733891D68908F00296449 /* Frameworks */,
				ADC7338A1D68908F00296449 /* Resources */,
				ADC7348A1D6890EF00296449 /* Embed Watch Content */,
				AD8F053C1E64DEE70039A71F /* SwiftLint */,
				ADC734A21D6891E700296449 /* Install Carthage frameworks */,
				ADA469331E05517300FEA198 /* FirebaseCrash */,
				AD500A611E0C79FB00253121 /* Embed App Extensions */,
			);
			buildRules = (
			);
			dependencies = (
				ADC734811D6890EF00296449 /* PBXTargetDependency */,
			);
			name = "tpg offline";
			productName = "tpg offline";
			productReference = ADC7338C1D68908F00296449 /* tpg offline.app */;
			productType = "com.apple.product-type.application";
		};
		ADC7339F1D68908F00296449 /* tpg offlineUITests */ = {
			isa = PBXNativeTarget;
			buildConfigurationList = ADC733AC1D68908F00296449 /* Build configuration list for PBXNativeTarget "tpg offlineUITests" */;
			buildPhases = (
				ADC7339C1D68908F00296449 /* Sources */,
				ADC7339D1D68908F00296449 /* Frameworks */,
				ADC7339E1D68908F00296449 /* Resources */,
			);
			buildRules = (
			);
			dependencies = (
				ADC733A21D68908F00296449 /* PBXTargetDependency */,
			);
			name = "tpg offlineUITests";
			productName = "tpg offlineUITests";
			productReference = ADC733A01D68908F00296449 /* tpg offlineUITests.xctest */;
			productType = "com.apple.product-type.bundle.ui-testing";
		};
		ADC734631D6890EF00296449 /* tpg offline Watch */ = {
			isa = PBXNativeTarget;
			buildConfigurationList = ADC734871D6890EF00296449 /* Build configuration list for PBXNativeTarget "tpg offline Watch" */;
			buildPhases = (
				ADC734621D6890EF00296449 /* Resources */,
				ADC734861D6890EF00296449 /* Embed App Extensions */,
			);
			buildRules = (
			);
			dependencies = (
				ADC734731D6890EF00296449 /* PBXTargetDependency */,
			);
			name = "tpg offline Watch";
			productName = "tpg offline Watch";
			productReference = ADC734641D6890EF00296449 /* tpg offline Watch.app */;
			productType = "com.apple.product-type.application.watchapp2";
		};
		ADC7346F1D6890EF00296449 /* tpg offline Watch Extension */ = {
			isa = PBXNativeTarget;
			buildConfigurationList = ADC734831D6890EF00296449 /* Build configuration list for PBXNativeTarget "tpg offline Watch Extension" */;
			buildPhases = (
				ADC7346C1D6890EF00296449 /* Sources */,
				ADC7346D1D6890EF00296449 /* Frameworks */,
				ADC7346E1D6890EF00296449 /* Resources */,
				ADCA01AB1D68936000A93775 /* Install Carthage frameworks */,
			);
			buildRules = (
			);
			dependencies = (
			);
			name = "tpg offline Watch Extension";
			productName = "tpg offline Watch Extension";
			productReference = ADC734701D6890EF00296449 /* tpg offline Watch Extension.appex */;
			productType = "com.apple.product-type.watchkit2-extension";
		};
/* End PBXNativeTarget section */

/* Begin PBXProject section */
		ADC733841D68908F00296449 /* Project object */ = {
			isa = PBXProject;
			attributes = {
				LastSwiftUpdateCheck = 0820;
				LastUpgradeCheck = 0810;
				ORGANIZATIONNAME = "Rémy DA COSTA FARO";
				TargetAttributes = {
					ADC7338B1D68908F00296449 = {
						CreatedOnToolsVersion = 8.0;
						DevelopmentTeam = 767R4Y4A3U;
						LastSwiftMigration = 0800;
						ProvisioningStyle = Automatic;
						SystemCapabilities = {
							com.apple.Push = {
								enabled = 1;
							};
						};
					};
					ADC7339F1D68908F00296449 = {
						CreatedOnToolsVersion = 8.0;
						DevelopmentTeam = 767R4Y4A3U;
						ProvisioningStyle = Automatic;
						TestTargetID = ADC7338B1D68908F00296449;
					};
					ADC734631D6890EF00296449 = {
						CreatedOnToolsVersion = 8.0;
						DevelopmentTeam = 767R4Y4A3U;
						LastSwiftMigration = 0800;
						ProvisioningStyle = Automatic;
					};
					ADC7346F1D6890EF00296449 = {
						CreatedOnToolsVersion = 8.0;
						DevelopmentTeam = 767R4Y4A3U;
						LastSwiftMigration = 0800;
						ProvisioningStyle = Automatic;
					};
				};
			};
			buildConfigurationList = ADC733871D68908F00296449 /* Build configuration list for PBXProject "tpg offline" */;
			compatibilityVersion = "Xcode 8.0";
			developmentRegion = English;
			hasScannedForEncodings = 0;
			knownRegions = (
				en,
				Base,
				fr,
			);
			mainGroup = ADC733831D68908F00296449;
			productRefGroup = ADC7338D1D68908F00296449 /* Products */;
			projectDirPath = "";
			projectRoot = "";
			targets = (
				ADC7338B1D68908F00296449 /* tpg offline */,
				ADC7339F1D68908F00296449 /* tpg offlineUITests */,
				ADC734631D6890EF00296449 /* tpg offline Watch */,
				ADC7346F1D6890EF00296449 /* tpg offline Watch Extension */,
			);
		};
/* End PBXProject section */

/* Begin PBXResourcesBuildPhase section */
		ADC7338A1D68908F00296449 /* Resources */ = {
			isa = PBXResourcesBuildPhase;
			buildActionMask = 2147483647;
			files = (
				AD2162341DBCE809009801B9 /* Incidents.storyboard in Resources */,
				ADC7344C1D6890C500296449 /* Bel-Air.gpx in Resources */,
				ADC7345D1D6890C500296449 /* Assets.xcassets in Resources */,
				AD2162391DBCE8C8009801B9 /* Settings.storyboard in Resources */,
				AD9A8C5B1DC231080021C7CD /* Departures.storyboard in Resources */,
				AD38A6761E74EE360022C6F2 /* InfoPlist.strings in Resources */,
				ADC7345F1D6890C500296449 /* Main.storyboard in Resources */,
				AD90EA351E2462120015D735 /* Roboto-Light.ttf in Resources */,
				ADC734501D6890C500296449 /* tpg offline.geojson in Resources */,
				ADC7344B1D6890C500296449 /* Localizable.strings in Resources */,
				AD90EA331E2461BC0015D735 /* Roboto-Thin.ttf in Resources */,
				AD9A8C451DC230AE0021C7CD /* Routes.storyboard in Resources */,
				ADC7345E1D6890C500296449 /* LaunchScreen.storyboard in Resources */,
				AD9A8C501DC230E90021C7CD /* Maps.storyboard in Resources */,
				ADC7344A1D6890C500296449 /* stops.json in Resources */,
				ADC7344D1D6890C500296449 /* colorLines.json in Resources */,
				ADA4686F1E054BAD00FEA198 /* GoogleService-Info.plist in Resources */,
			);
			runOnlyForDeploymentPostprocessing = 0;
		};
		ADC7339E1D68908F00296449 /* Resources */ = {
			isa = PBXResourcesBuildPhase;
			buildActionMask = 2147483647;
			files = (
			);
			runOnlyForDeploymentPostprocessing = 0;
		};
		ADC734621D6890EF00296449 /* Resources */ = {
			isa = PBXResourcesBuildPhase;
			buildActionMask = 2147483647;
			files = (
				ADC7346A1D6890EF00296449 /* Assets.xcassets in Resources */,
				AD4F2EC31DBA7534008DE615 /* FontAwesome.otf in Resources */,
				ADC734681D6890EF00296449 /* Interface.storyboard in Resources */,
			);
			runOnlyForDeploymentPostprocessing = 0;
		};
		ADC7346E1D6890EF00296449 /* Resources */ = {
			isa = PBXResourcesBuildPhase;
			buildActionMask = 2147483647;
			files = (
				ADC7347E1D6890EF00296449 /* Assets.xcassets in Resources */,
				AD087F8A1DC1F90500E51CB1 /* Localizable.strings in Resources */,
				AD4F2EC41DBA7534008DE615 /* FontAwesome.otf in Resources */,
				AD4F2EBE1DBA6F66008DE615 /* colorLines.json in Resources */,
			);
			runOnlyForDeploymentPostprocessing = 0;
		};
/* End PBXResourcesBuildPhase section */

/* Begin PBXShellScriptBuildPhase section */
		AD8F053C1E64DEE70039A71F /* SwiftLint */ = {
			isa = PBXShellScriptBuildPhase;
			buildActionMask = 2147483647;
			files = (
			);
			inputPaths = (
			);
			name = SwiftLint;
			outputPaths = (
			);
			runOnlyForDeploymentPostprocessing = 0;
			shellPath = /bin/sh;
			shellScript = "if which swiftlint >/dev/null; then\nswiftlint autocorrect\nswiftlint\nelse\necho \"warning: SwiftLint not installed, download from https://github.com/realm/SwiftLint\"\nfi";
		};
		ADA469331E05517300FEA198 /* FirebaseCrash */ = {
			isa = PBXShellScriptBuildPhase;
			buildActionMask = 12;
			files = (
			);
			inputPaths = (
			);
			name = FirebaseCrash;
			outputPaths = (
			);
			runOnlyForDeploymentPostprocessing = 0;
			shellPath = /bin/sh;
			shellScript = "GOOGLE_APP_ID=1:482146396466:ios:2b4d8d729bd1265d\n./FirebaseCrash/upload-sym \"./FirebaseCrash/FirebaseCrashServiceAccount.json\"";
		};
		ADC734A21D6891E700296449 /* Install Carthage frameworks */ = {
			isa = PBXShellScriptBuildPhase;
			buildActionMask = 2147483647;
			files = (
			);
			inputPaths = (
				"$(SRCROOT)/Carthage/Build/iOS/FSCalendar.framework",
				"$(SRCROOT)/Carthage/Build/iOS/Onboard.framework",
				"$(SRCROOT)/Carthage/Build/iOS/EFCircularSlider.framework",
				"$(SRCROOT)/Carthage/Build/iOS/Alamofire.framework",
				"$(SRCROOT)/Carthage/Build/iOS/AKPickerView.framework",
				"$(SRCROOT)/Carthage/Build/iOS/DGElasticPullToRefresh.framework",
				"$(SRCROOT)/Carthage/Build/iOS/DGRunkeeperSwitch.framework",
				"$(SRCROOT)/Carthage/Build/iOS/NVActivityIndicatorView.framework",
				"$(SRCROOT)/Carthage/Build/iOS/SCLAlertView.framework",
				"$(SRCROOT)/Carthage/Build/iOS/SwiftLocation.framework",
				"$(SRCROOT)/Carthage/Build/iOS/SwiftyJSON.framework",
				"$(SRCROOT)/Carthage/Build/iOS/VHUD.framework",
			);
			name = "Install Carthage frameworks";
			outputPaths = (
			);
			runOnlyForDeploymentPostprocessing = 0;
			shellPath = /bin/sh;
			shellScript = "/usr/local/bin/carthage copy-frameworks";
		};
		ADCA01AB1D68936000A93775 /* Install Carthage frameworks */ = {
			isa = PBXShellScriptBuildPhase;
			buildActionMask = 2147483647;
			files = (
			);
			inputPaths = (
				"$(SRCROOT)/Carthage/Build/watchOS/Alamofire.framework",
				"$(SRCROOT)/Carthage/Build/watchOS/SwiftyJSON.framework",
			);
			name = "Install Carthage frameworks";
			outputPaths = (
			);
			runOnlyForDeploymentPostprocessing = 0;
			shellPath = /bin/sh;
			shellScript = "/usr/local/bin/carthage copy-frameworks";
		};
/* End PBXShellScriptBuildPhase section */

/* Begin PBXSourcesBuildPhase section */
		ADC733881D68908F00296449 /* Sources */ = {
			isa = PBXSourcesBuildPhase;
			buildActionMask = 2147483647;
			files = (
				AD63839A1E74BA3300213C48 /* FilterDeparturesTableViewController.swift in Sources */,
				ADC7345C1D6890C500296449 /* WebViewController.swift in Sources */,
				ADC7342C1D6890C500296449 /* LoadingCellTableViewCell.swift in Sources */,
				ADC734311D6890C500296449 /* ThemeCollectionViewCell.swift in Sources */,
				ADC7342E1D6890C500296449 /* SeeLineTableViewCell.swift in Sources */,
				ADC7341D1D6890C500296449 /* Departures.swift in Sources */,
				ADC734221D6890C500296449 /* SearchRoute.swift in Sources */,
				ADE240C41DB7BA6D0040EBE2 /* AppDelegate.swift in Sources */,
				ADC734531D6890C500296449 /* RoutesListTableViewController.swift in Sources */,
				ADC7341A1D6890C500296449 /* AppValues.swift in Sources */,
				ADFAA2901E72370A00C85F87 /* ItineraryCellCollectionViewCell.swift in Sources */,
				ADC734471D6890C500296449 /* IncidentsTableViewController.swift in Sources */,
				ADC734271D6890C500296449 /* AllDeparturesCollectionViewCell.swift in Sources */,
				ADC7342B1D6890C500296449 /* FavoriteRouteTableViewCell.swift in Sources */,
				ADC7341F1D6890C500296449 /* Perturbations.swift in Sources */,
				ADC734491D6890C500296449 /* MapViewController.swift in Sources */,
				ADC734381D6890C500296449 /* NSUserDefaultsExtension.swift in Sources */,
				ADC734561D6890C500296449 /* TimeSelectionViewController.swift in Sources */,
				ADC734591D6890C500296449 /* SelectDefaultTabBarItem.swift in Sources */,
				ADC7342A1D6890C500296449 /* DetailRouteTableViewCell.swift in Sources */,
				ADC734201D6890C500296449 /* Route.swift in Sources */,
				ADC734331D6890C500296449 /* RouteToStopViewController.swift in Sources */,
				ADC7342F1D6890C500296449 /* StopImageTableViewCell.swift in Sources */,
				ADC734261D6890C500296449 /* WatchSessionManager.swift in Sources */,
				ADC734391D6890C500296449 /* UIKitExtension.swift in Sources */,
				ADC734481D6890C500296449 /* MapsListTableViewController.swift in Sources */,
				ADC7345B1D6890C500296449 /* ThemesCollectionViewController.swift in Sources */,
				ADFAA2921E723CF200C85F87 /* HeaderCollectionView.swift in Sources */,
				AD1BE0041DBE3222008F33A3 /* SplashScreenViewController.swift in Sources */,
				ADC7342D1D6890C500296449 /* RoutesListTableViewCell.swift in Sources */,
				ADC734521D6890C500296449 /* RouteDetailTableViewController.swift in Sources */,
				ADC734291D6890C500296449 /* DeparturesTableViewCell.swift in Sources */,
				ADC734231D6890C500296449 /* Stop.swift in Sources */,
				ADC734241D6890C500296449 /* Thermometer.swift in Sources */,
				ADFCC15A1DF8734700818CB5 /* UserDefaultsKeys.swift in Sources */,
				ADC734341D6890C500296449 /* SeeAllDeparturesViewController.swift in Sources */,
				ADC734281D6890C500296449 /* ButtonCollectionViewCell.swift in Sources */,
				ADC734551D6890C500296449 /* RoutesTableViewController.swift in Sources */,
				ADC734301D6890C500296449 /* SwitchTableViewCell.swift in Sources */,
				ADC7345A1D6890C500296449 /* SettingsTableViewController.swift in Sources */,
				ADC734361D6890C500296449 /* ThermometerTableViewController.swift in Sources */,
				ADC734571D6890C500296449 /* CreditsTableViewController.swift in Sources */,
				ADC734541D6890C500296449 /* RoutesStopsTableViewController.swift in Sources */,
				ADC734511D6890C500296449 /* CalendarSelectionViewController.swift in Sources */,
				ADC734351D6890C500296449 /* StopsTableViewController.swift in Sources */,
				ADC734581D6890C500296449 /* LocationSettingsTableViewController.swift in Sources */,
				ADC734211D6890C500296449 /* RoutesConnections.swift in Sources */,
				ADC734321D6890C500296449 /* DeparturesTableViewController.swift in Sources */,
			);
			runOnlyForDeploymentPostprocessing = 0;
		};
		ADC7339C1D68908F00296449 /* Sources */ = {
			isa = PBXSourcesBuildPhase;
			buildActionMask = 2147483647;
			files = (
				AD89249D1D84479D00F5FC20 /* tpg_offline_UITests.swift in Sources */,
				AD89249C1D84479D00F5FC20 /* SnapshotHelper.swift in Sources */,
			);
			runOnlyForDeploymentPostprocessing = 0;
		};
		ADC7346C1D6890EF00296449 /* Sources */ = {
			isa = PBXSourcesBuildPhase;
			buildActionMask = 2147483647;
			files = (
				ADC7347C1D6890EF00296449 /* NotificationController.swift in Sources */,
				AD62DD431D7C6A8100B2CA86 /* StopsInterfaceController.swift in Sources */,
				AD62DD461D7C6B1900B2CA86 /* WatchSessionManager.swift in Sources */,
				AD62DD421D7C6A8100B2CA86 /* DeparturesRowController.swift in Sources */,
				AD62DD441D7C6A8100B2CA86 /* StopsRowController.swift in Sources */,
				AD62DD4A1D7C6B5100B2CA86 /* Departures.swift in Sources */,
				AD62DD481D7C6B4200B2CA86 /* AppValues.swift in Sources */,
				ADC7347A1D6890EF00296449 /* ExtensionDelegate.swift in Sources */,
				AD62DD491D7C6B4900B2CA86 /* Stop.swift in Sources */,
				ADBA28711DC0ABA8002E28AD /* ReminderInterfaceController.swift in Sources */,
				AD62DD411D7C6A8100B2CA86 /* DeparturesInterfaceController.swift in Sources */,
			);
			runOnlyForDeploymentPostprocessing = 0;
		};
/* End PBXSourcesBuildPhase section */

/* Begin PBXTargetDependency section */
		ADC733A21D68908F00296449 /* PBXTargetDependency */ = {
			isa = PBXTargetDependency;
			target = ADC7338B1D68908F00296449 /* tpg offline */;
			targetProxy = ADC733A11D68908F00296449 /* PBXContainerItemProxy */;
		};
		ADC734731D6890EF00296449 /* PBXTargetDependency */ = {
			isa = PBXTargetDependency;
			target = ADC7346F1D6890EF00296449 /* tpg offline Watch Extension */;
			targetProxy = ADC734721D6890EF00296449 /* PBXContainerItemProxy */;
		};
		ADC734811D6890EF00296449 /* PBXTargetDependency */ = {
			isa = PBXTargetDependency;
			target = ADC734631D6890EF00296449 /* tpg offline Watch */;
			targetProxy = ADC734801D6890EF00296449 /* PBXContainerItemProxy */;
		};
/* End PBXTargetDependency section */

/* Begin PBXVariantGroup section */
		AD2162321DBCE809009801B9 /* Incidents.storyboard */ = {
			isa = PBXVariantGroup;
			children = (
				AD2162331DBCE809009801B9 /* Base */,
				AD9A8C581DC230FD0021C7CD /* en */,
				AD9A8C5A1DC231010021C7CD /* fr */,
			);
			name = Incidents.storyboard;
			sourceTree = "<group>";
		};
		AD2162371DBCE8C8009801B9 /* Settings.storyboard */ = {
			isa = PBXVariantGroup;
			children = (
				AD2162381DBCE8C8009801B9 /* Base */,
				AD9A8C4D1DC230C80021C7CD /* en */,
				AD9A8C4F1DC230DB0021C7CD /* fr */,
			);
			name = Settings.storyboard;
			sourceTree = "<group>";
		};
		AD38A6781E74EE360022C6F2 /* InfoPlist.strings */ = {
			isa = PBXVariantGroup;
			children = (
				AD38A6771E74EE360022C6F2 /* Base */,
				AD38A6791E74EE3A0022C6F2 /* en */,
				AD38A67A1E74EE3B0022C6F2 /* fr */,
			);
			name = InfoPlist.strings;
			sourceTree = "<group>";
		};
		AD9A8C471DC230AE0021C7CD /* Routes.storyboard */ = {
			isa = PBXVariantGroup;
			children = (
				AD9A8C461DC230AE0021C7CD /* Base */,
				AD9A8C491DC230B80021C7CD /* en */,
				AD9A8C4B1DC230BC0021C7CD /* fr */,
			);
			name = Routes.storyboard;
			sourceTree = "<group>";
		};
		AD9A8C521DC230E90021C7CD /* Maps.storyboard */ = {
			isa = PBXVariantGroup;
			children = (
				AD9A8C511DC230E90021C7CD /* Base */,
				AD9A8C541DC230ED0021C7CD /* en */,
				AD9A8C561DC230F20021C7CD /* fr */,
			);
			name = Maps.storyboard;
			sourceTree = "<group>";
		};
		AD9A8C5D1DC231080021C7CD /* Departures.storyboard */ = {
			isa = PBXVariantGroup;
			children = (
				AD9A8C5C1DC231080021C7CD /* Base */,
				AD9A8C5F1DC2310E0021C7CD /* en */,
				AD9A8C611DC231120021C7CD /* fr */,
			);
			name = Departures.storyboard;
			sourceTree = "<group>";
		};
		ADC733F51D6890C500296449 /* Localizable.strings */ = {
			isa = PBXVariantGroup;
			children = (
				ADC733F61D6890C500296449 /* Base */,
				ADC733F91D6890C500296449 /* en */,
				ADC733FA1D6890C500296449 /* fr */,
			);
			name = Localizable.strings;
			sourceTree = "<group>";
		};
		ADC7340F1D6890C500296449 /* LaunchScreen.storyboard */ = {
			isa = PBXVariantGroup;
			children = (
				ADC734101D6890C500296449 /* Base */,
				AD62DD3A1D7C5E9200B2CA86 /* en */,
				AD62DD3B1D7C5E9400B2CA86 /* fr */,
			);
			name = LaunchScreen.storyboard;
			sourceTree = "<group>";
		};
		ADC734111D6890C500296449 /* Main.storyboard */ = {
			isa = PBXVariantGroup;
			children = (
				ADC734121D6890C500296449 /* Base */,
				ADF767581D7C5E3D00B6C0B4 /* en */,
				ADF767591D7C5E4000B6C0B4 /* fr */,
			);
			name = Main.storyboard;
			sourceTree = "<group>";
		};
		ADC734661D6890EF00296449 /* Interface.storyboard */ = {
			isa = PBXVariantGroup;
			children = (
				ADC734671D6890EF00296449 /* Base */,
				AD087F8C1DC1FAC100E51CB1 /* en */,
				AD087F8D1DC1FAC300E51CB1 /* fr */,
			);
			name = Interface.storyboard;
			sourceTree = "<group>";
		};
/* End PBXVariantGroup section */

/* Begin XCBuildConfiguration section */
		ADC733A71D68908F00296449 /* Debug */ = {
			isa = XCBuildConfiguration;
			buildSettings = {
				ALWAYS_SEARCH_USER_PATHS = NO;
				CLANG_ANALYZER_LOCALIZABILITY_NONLOCALIZED = YES;
				CLANG_ANALYZER_NONNULL = YES;
				CLANG_CXX_LANGUAGE_STANDARD = "gnu++0x";
				CLANG_CXX_LIBRARY = "libc++";
				CLANG_ENABLE_MODULES = YES;
				CLANG_ENABLE_OBJC_ARC = YES;
				CLANG_WARN_BOOL_CONVERSION = YES;
				CLANG_WARN_CONSTANT_CONVERSION = YES;
				CLANG_WARN_DIRECT_OBJC_ISA_USAGE = YES_ERROR;
				CLANG_WARN_DOCUMENTATION_COMMENTS = YES;
				CLANG_WARN_EMPTY_BODY = YES;
				CLANG_WARN_ENUM_CONVERSION = YES;
				CLANG_WARN_INFINITE_RECURSION = YES;
				CLANG_WARN_INT_CONVERSION = YES;
				CLANG_WARN_OBJC_ROOT_CLASS = YES_ERROR;
				CLANG_WARN_SUSPICIOUS_MOVE = YES;
				CLANG_WARN_SUSPICIOUS_MOVES = YES;
				CLANG_WARN_UNREACHABLE_CODE = YES;
				CLANG_WARN__DUPLICATE_METHOD_MATCH = YES;
				"CODE_SIGN_IDENTITY[sdk=iphoneos*]" = "iPhone Developer";
				COPY_PHASE_STRIP = NO;
				DEBUG_INFORMATION_FORMAT = dwarf;
				ENABLE_STRICT_OBJC_MSGSEND = YES;
				ENABLE_TESTABILITY = YES;
				GCC_C_LANGUAGE_STANDARD = gnu99;
				GCC_DYNAMIC_NO_PIC = NO;
				GCC_NO_COMMON_BLOCKS = YES;
				GCC_OPTIMIZATION_LEVEL = 0;
				GCC_PREPROCESSOR_DEFINITIONS = (
					"DEBUG=1",
					"$(inherited)",
				);
				GCC_WARN_64_TO_32_BIT_CONVERSION = YES;
				GCC_WARN_ABOUT_RETURN_TYPE = YES_ERROR;
				GCC_WARN_UNDECLARED_SELECTOR = YES;
				GCC_WARN_UNINITIALIZED_AUTOS = YES_AGGRESSIVE;
				GCC_WARN_UNUSED_FUNCTION = YES;
				GCC_WARN_UNUSED_VARIABLE = YES;
				IPHONEOS_DEPLOYMENT_TARGET = 10.0;
				MTL_ENABLE_DEBUG_INFO = YES;
				ONLY_ACTIVE_ARCH = YES;
				OTHER_LDFLAGS = (
					"$(OTHER_LDFLAGS)",
					"-ObjC",
				);
				SDKROOT = iphoneos;
				SWIFT_ACTIVE_COMPILATION_CONDITIONS = DEBUG;
				SWIFT_OPTIMIZATION_LEVEL = "-Onone";
				TARGETED_DEVICE_FAMILY = "1,2";
			};
			name = Debug;
		};
		ADC733A81D68908F00296449 /* Release */ = {
			isa = XCBuildConfiguration;
			buildSettings = {
				ALWAYS_SEARCH_USER_PATHS = NO;
				CLANG_ANALYZER_LOCALIZABILITY_NONLOCALIZED = YES;
				CLANG_ANALYZER_NONNULL = YES;
				CLANG_CXX_LANGUAGE_STANDARD = "gnu++0x";
				CLANG_CXX_LIBRARY = "libc++";
				CLANG_ENABLE_MODULES = YES;
				CLANG_ENABLE_OBJC_ARC = YES;
				CLANG_WARN_BOOL_CONVERSION = YES;
				CLANG_WARN_CONSTANT_CONVERSION = YES;
				CLANG_WARN_DIRECT_OBJC_ISA_USAGE = YES_ERROR;
				CLANG_WARN_DOCUMENTATION_COMMENTS = YES;
				CLANG_WARN_EMPTY_BODY = YES;
				CLANG_WARN_ENUM_CONVERSION = YES;
				CLANG_WARN_INFINITE_RECURSION = YES;
				CLANG_WARN_INT_CONVERSION = YES;
				CLANG_WARN_OBJC_ROOT_CLASS = YES_ERROR;
				CLANG_WARN_SUSPICIOUS_MOVE = YES;
				CLANG_WARN_SUSPICIOUS_MOVES = YES;
				CLANG_WARN_UNREACHABLE_CODE = YES;
				CLANG_WARN__DUPLICATE_METHOD_MATCH = YES;
				"CODE_SIGN_IDENTITY[sdk=iphoneos*]" = "iPhone Developer";
				COPY_PHASE_STRIP = NO;
				DEBUG_INFORMATION_FORMAT = "dwarf-with-dsym";
				ENABLE_NS_ASSERTIONS = NO;
				ENABLE_STRICT_OBJC_MSGSEND = YES;
				GCC_C_LANGUAGE_STANDARD = gnu99;
				GCC_NO_COMMON_BLOCKS = YES;
				GCC_WARN_64_TO_32_BIT_CONVERSION = YES;
				GCC_WARN_ABOUT_RETURN_TYPE = YES_ERROR;
				GCC_WARN_UNDECLARED_SELECTOR = YES;
				GCC_WARN_UNINITIALIZED_AUTOS = YES_AGGRESSIVE;
				GCC_WARN_UNUSED_FUNCTION = YES;
				GCC_WARN_UNUSED_VARIABLE = YES;
				IPHONEOS_DEPLOYMENT_TARGET = 10.0;
				MTL_ENABLE_DEBUG_INFO = NO;
				OTHER_LDFLAGS = (
					"$(OTHER_LDFLAGS)",
					"-ObjC",
				);
				SDKROOT = iphoneos;
				SWIFT_OPTIMIZATION_LEVEL = "-Owholemodule";
				TARGETED_DEVICE_FAMILY = "1,2";
				VALIDATE_PRODUCT = YES;
			};
			name = Release;
		};
		ADC733AA1D68908F00296449 /* Debug */ = {
			isa = XCBuildConfiguration;
			buildSettings = {
				ASSETCATALOG_COMPILER_APPICON_NAME = AppIcon;
				CLANG_USE_OPTIMIZATION_PROFILE = NO;
				CODE_SIGN_ENTITLEMENTS = "tpg offline/tpg offline.entitlements";
				DEBUG_INFORMATION_FORMAT = "dwarf-with-dsym";
				DEVELOPMENT_TEAM = 767R4Y4A3U;
				FRAMEWORK_SEARCH_PATHS = (
					"$(inherited)",
					"$(PROJECT_DIR)",
					"$(PROJECT_DIR)/Carthage/Build/iOS",
					"$(PROJECT_DIR)/Firebase",
				);
				INFOPLIST_FILE = "$(SRCROOT)/tpg offline/Project Requirements/Info.plist";
				IPHONEOS_DEPLOYMENT_TARGET = 9.3;
				LD_RUNPATH_SEARCH_PATHS = "$(inherited) @executable_path/Frameworks";
				OTHER_LDFLAGS = "$(OTHER_LDFLAGS)";
				OTHER_SWIFT_FLAGS = "";
				PRODUCT_BUNDLE_IDENTIFIER = com.dacostafaro.tpgoffline;
				PRODUCT_NAME = "$(TARGET_NAME)";
				SWIFT_VERSION = 3.0;
				USER_HEADER_SEARCH_PATHS = "$(SRCROOT)/tpg offline/Project Requirements/";
			};
			name = Debug;
		};
		ADC733AB1D68908F00296449 /* Release */ = {
			isa = XCBuildConfiguration;
			buildSettings = {
				ASSETCATALOG_COMPILER_APPICON_NAME = AppIcon;
				CLANG_USE_OPTIMIZATION_PROFILE = NO;
				CODE_SIGN_ENTITLEMENTS = "tpg offline/tpg offline.entitlements";
				DEBUG_INFORMATION_FORMAT = "dwarf-with-dsym";
				DEVELOPMENT_TEAM = 767R4Y4A3U;
				FRAMEWORK_SEARCH_PATHS = (
					"$(inherited)",
					"$(PROJECT_DIR)",
					"$(PROJECT_DIR)/Carthage/Build/iOS",
					"$(PROJECT_DIR)/Firebase",
				);
				INFOPLIST_FILE = "$(SRCROOT)/tpg offline/Project Requirements/Info.plist";
				IPHONEOS_DEPLOYMENT_TARGET = 9.3;
				LD_RUNPATH_SEARCH_PATHS = "$(inherited) @executable_path/Frameworks";
				OTHER_LDFLAGS = "$(OTHER_LDFLAGS)";
				OTHER_SWIFT_FLAGS = "";
				PRODUCT_BUNDLE_IDENTIFIER = com.dacostafaro.tpgoffline;
				PRODUCT_NAME = "$(TARGET_NAME)";
				SWIFT_VERSION = 3.0;
				USER_HEADER_SEARCH_PATHS = "$(SRCROOT)/tpg offline/Project Requirements/";
			};
			name = Release;
		};
		ADC733AD1D68908F00296449 /* Debug */ = {
			isa = XCBuildConfiguration;
			buildSettings = {
				ALWAYS_EMBED_SWIFT_STANDARD_LIBRARIES = YES;
				DEVELOPMENT_TEAM = 767R4Y4A3U;
				INFOPLIST_FILE = "tpg offline UITests/Info.plist";
				LD_RUNPATH_SEARCH_PATHS = "$(inherited) @executable_path/Frameworks @loader_path/Frameworks";
				PRODUCT_BUNDLE_IDENTIFIER = "com.dacostafaro.tpg-offlineUITests";
				PRODUCT_NAME = "$(TARGET_NAME)";
				SWIFT_VERSION = 3.0;
				TEST_TARGET_NAME = "tpg offline";
			};
			name = Debug;
		};
		ADC733AE1D68908F00296449 /* Release */ = {
			isa = XCBuildConfiguration;
			buildSettings = {
				ALWAYS_EMBED_SWIFT_STANDARD_LIBRARIES = YES;
				DEVELOPMENT_TEAM = 767R4Y4A3U;
				INFOPLIST_FILE = "tpg offline UITests/Info.plist";
				LD_RUNPATH_SEARCH_PATHS = "$(inherited) @executable_path/Frameworks @loader_path/Frameworks";
				PRODUCT_BUNDLE_IDENTIFIER = "com.dacostafaro.tpg-offlineUITests";
				PRODUCT_NAME = "$(TARGET_NAME)";
				SWIFT_VERSION = 3.0;
				TEST_TARGET_NAME = "tpg offline";
			};
			name = Release;
		};
		ADC734841D6890EF00296449 /* Debug */ = {
			isa = XCBuildConfiguration;
			buildSettings = {
				ASSETCATALOG_COMPILER_COMPLICATION_NAME = Complication;
				CLANG_USE_OPTIMIZATION_PROFILE = NO;
				DEVELOPMENT_TEAM = 767R4Y4A3U;
				FRAMEWORK_SEARCH_PATHS = (
					"$(inherited)",
					"$(PROJECT_DIR)/Carthage/Build/watchOS",
				);
				INFOPLIST_FILE = "tpg offline Watch Extension/Info.plist";
				LD_RUNPATH_SEARCH_PATHS = "$(inherited) @executable_path/Frameworks @executable_path/../../Frameworks";
				PRODUCT_BUNDLE_IDENTIFIER = com.dacostafaro.tpgoffline.watchkitapp.watchkitextension;
				PRODUCT_NAME = "${TARGET_NAME}";
				SDKROOT = watchos;
				SKIP_INSTALL = YES;
				SWIFT_VERSION = 3.0;
				TARGETED_DEVICE_FAMILY = 4;
				WATCHOS_DEPLOYMENT_TARGET = 3.0;
			};
			name = Debug;
		};
		ADC734851D6890EF00296449 /* Release */ = {
			isa = XCBuildConfiguration;
			buildSettings = {
				ASSETCATALOG_COMPILER_COMPLICATION_NAME = Complication;
				CLANG_USE_OPTIMIZATION_PROFILE = NO;
				DEVELOPMENT_TEAM = 767R4Y4A3U;
				FRAMEWORK_SEARCH_PATHS = (
					"$(inherited)",
					"$(PROJECT_DIR)/Carthage/Build/watchOS",
				);
				INFOPLIST_FILE = "tpg offline Watch Extension/Info.plist";
				LD_RUNPATH_SEARCH_PATHS = "$(inherited) @executable_path/Frameworks @executable_path/../../Frameworks";
				PRODUCT_BUNDLE_IDENTIFIER = com.dacostafaro.tpgoffline.watchkitapp.watchkitextension;
				PRODUCT_NAME = "${TARGET_NAME}";
				SDKROOT = watchos;
				SKIP_INSTALL = YES;
				SWIFT_VERSION = 3.0;
				TARGETED_DEVICE_FAMILY = 4;
				WATCHOS_DEPLOYMENT_TARGET = 3.0;
			};
			name = Release;
		};
		ADC734881D6890EF00296449 /* Debug */ = {
			isa = XCBuildConfiguration;
			buildSettings = {
				ALWAYS_EMBED_SWIFT_STANDARD_LIBRARIES = YES;
				ASSETCATALOG_COMPILER_APPICON_NAME = AppIcon;
				CLANG_USE_OPTIMIZATION_PROFILE = NO;
				DEVELOPMENT_TEAM = 767R4Y4A3U;
				IBSC_MODULE = tpg_offline_Watch_Extension;
				INFOPLIST_FILE = "tpg offline Watch/Info.plist";
				PRODUCT_BUNDLE_IDENTIFIER = com.dacostafaro.tpgoffline.watchkitapp;
				PRODUCT_NAME = "$(TARGET_NAME)";
				SDKROOT = watchos;
				SKIP_INSTALL = YES;
				SWIFT_VERSION = 3.0;
				TARGETED_DEVICE_FAMILY = 4;
				WATCHOS_DEPLOYMENT_TARGET = 3.0;
			};
			name = Debug;
		};
		ADC734891D6890EF00296449 /* Release */ = {
			isa = XCBuildConfiguration;
			buildSettings = {
				ALWAYS_EMBED_SWIFT_STANDARD_LIBRARIES = YES;
				ASSETCATALOG_COMPILER_APPICON_NAME = AppIcon;
				CLANG_USE_OPTIMIZATION_PROFILE = NO;
				DEVELOPMENT_TEAM = 767R4Y4A3U;
				IBSC_MODULE = tpg_offline_Watch_Extension;
				INFOPLIST_FILE = "tpg offline Watch/Info.plist";
				PRODUCT_BUNDLE_IDENTIFIER = com.dacostafaro.tpgoffline.watchkitapp;
				PRODUCT_NAME = "$(TARGET_NAME)";
				SDKROOT = watchos;
				SKIP_INSTALL = YES;
				SWIFT_VERSION = 3.0;
				TARGETED_DEVICE_FAMILY = 4;
				WATCHOS_DEPLOYMENT_TARGET = 3.0;
			};
			name = Release;
		};
/* End XCBuildConfiguration section */

/* Begin XCConfigurationList section */
		ADC733871D68908F00296449 /* Build configuration list for PBXProject "tpg offline" */ = {
			isa = XCConfigurationList;
			buildConfigurations = (
				ADC733A71D68908F00296449 /* Debug */,
				ADC733A81D68908F00296449 /* Release */,
			);
			defaultConfigurationIsVisible = 0;
			defaultConfigurationName = Release;
		};
		ADC733A91D68908F00296449 /* Build configuration list for PBXNativeTarget "tpg offline" */ = {
			isa = XCConfigurationList;
			buildConfigurations = (
				ADC733AA1D68908F00296449 /* Debug */,
				ADC733AB1D68908F00296449 /* Release */,
			);
			defaultConfigurationIsVisible = 0;
			defaultConfigurationName = Release;
		};
		ADC733AC1D68908F00296449 /* Build configuration list for PBXNativeTarget "tpg offlineUITests" */ = {
			isa = XCConfigurationList;
			buildConfigurations = (
				ADC733AD1D68908F00296449 /* Debug */,
				ADC733AE1D68908F00296449 /* Release */,
			);
			defaultConfigurationIsVisible = 0;
			defaultConfigurationName = Release;
		};
		ADC734831D6890EF00296449 /* Build configuration list for PBXNativeTarget "tpg offline Watch Extension" */ = {
			isa = XCConfigurationList;
			buildConfigurations = (
				ADC734841D6890EF00296449 /* Debug */,
				ADC734851D6890EF00296449 /* Release */,
			);
			defaultConfigurationIsVisible = 0;
			defaultConfigurationName = Release;
		};
		ADC734871D6890EF00296449 /* Build configuration list for PBXNativeTarget "tpg offline Watch" */ = {
			isa = XCConfigurationList;
			buildConfigurations = (
				ADC734881D6890EF00296449 /* Debug */,
				ADC734891D6890EF00296449 /* Release */,
			);
			defaultConfigurationIsVisible = 0;
			defaultConfigurationName = Release;
		};
/* End XCConfigurationList section */
	};
	rootObject = ADC733841D68908F00296449 /* Project object */;
}
